// !$*UTF8*$!
{
	archiveVersion = 1;
	classes = {
	};
	objectVersion = 56;
	objects = {

/* Begin PBXBuildFile section */
		041ECE0E2A8932240001A821 /* AsyncQueue in Frameworks */ = {isa = PBXBuildFile; productRef = 041ECE0D2A8932240001A821 /* AsyncQueue */; };
		041ECE102A89333E0001A821 /* ChatView.swift in Sources */ = {isa = PBXBuildFile; fileRef = 041ECE0F2A89333E0001A821 /* ChatView.swift */; };
		041ECE132A8943F20001A821 /* SwiftyChat in Frameworks */ = {isa = PBXBuildFile; productRef = 041ECE122A8943F20001A821 /* SwiftyChat */; };
		041ECE162A8A3E5C0001A821 /* Algorithms in Frameworks */ = {isa = PBXBuildFile; productRef = 041ECE152A8A3E5C0001A821 /* Algorithms */; };
		0435AAD72AAD54B400BCCC2C /* DeviceKit in Frameworks */ = {isa = PBXBuildFile; productRef = 0435AAD62AAD54B400BCCC2C /* DeviceKit */; };
		0435AADA2AAD54C800BCCC2C /* DeviceKit in Frameworks */ = {isa = PBXBuildFile; productRef = 0435AAD92AAD54C800BCCC2C /* DeviceKit */; };
		0453D8852A9EE83C00E57711 /* CommonView.swift in Sources */ = {isa = PBXBuildFile; fileRef = 0453D8842A9EE83C00E57711 /* CommonView.swift */; };
		0453D8872A9EE92E00E57711 /* SettingsView.swift in Sources */ = {isa = PBXBuildFile; fileRef = 0453D8862A9EE92E00E57711 /* SettingsView.swift */; };
		0477C4222AAED0DB00472726 /* IllamaDynamic.xcframework in Frameworks */ = {isa = PBXBuildFile; fileRef = 0477C4212AAED0DB00472726 /* IllamaDynamic.xcframework */; };
		0477C4232AAED0DB00472726 /* IllamaDynamic.xcframework in Frameworks */ = {isa = PBXBuildFile; fileRef = 0477C4212AAED0DB00472726 /* IllamaDynamic.xcframework */; };
		047A0DB02AAEF23900DCC398 /* IllamaDynamic.xcframework in CopyFiles */ = {isa = PBXBuildFile; fileRef = 0477C4212AAED0DB00472726 /* IllamaDynamic.xcframework */; settings = {ATTRIBUTES = (CodeSignOnCopy, RemoveHeadersOnCopy, ); }; };
		047A0DB22AAEF44B00DCC398 /* IllamaDynamic.xcframework in CopyFiles */ = {isa = PBXBuildFile; fileRef = 0477C4212AAED0DB00472726 /* IllamaDynamic.xcframework */; settings = {ATTRIBUTES = (CodeSignOnCopy, RemoveHeadersOnCopy, ); }; };
		048601612A8F46B600292E9F /* Lumos in Frameworks */ = {isa = PBXBuildFile; productRef = 048601602A8F46B600292E9F /* Lumos */; };
		048601642A8F495800292E9F /* CustomDump in Frameworks */ = {isa = PBXBuildFile; productRef = 048601632A8F495800292E9F /* CustomDump */; };
		048601672A910F2800292E9F /* LoremSwiftum in Frameworks */ = {isa = PBXBuildFile; productRef = 048601662A910F2800292E9F /* LoremSwiftum */; };
		0486016A2A910F3800292E9F /* Dependencies in Frameworks */ = {isa = PBXBuildFile; productRef = 048601692A910F3800292E9F /* Dependencies */; };
		0486016C2A910F5C00292E9F /* LlamaClient.swift in Sources */ = {isa = PBXBuildFile; fileRef = 0486016B2A910F5C00292E9F /* LlamaClient.swift */; };
		048E4D422A911327007B6443 /* AsyncAlgorithms in Frameworks */ = {isa = PBXBuildFile; productRef = 048E4D412A911327007B6443 /* AsyncAlgorithms */; };
		048E4D452A9114AF007B6443 /* CombineExt in Frameworks */ = {isa = PBXBuildFile; productRef = 048E4D442A9114AF007B6443 /* CombineExt */; };
		04A3639C2AAEB1E500E6743E /* open-llama-3b-q4_0.bin in Resources */ = {isa = PBXBuildFile; fileRef = 04A3639B2AAEB1E500E6743E /* open-llama-3b-q4_0.bin */; };
		04A3639E2AAEB20900E6743E /* ggml-model-q3_k_m.bin in Resources */ = {isa = PBXBuildFile; fileRef = 04A3639D2AAEB20900E6743E /* ggml-model-q3_k_m.bin */; };
		04B183E62AADB5B100F264CD /* UIOnboarding in Frameworks */ = {isa = PBXBuildFile; productRef = 04B183E52AADB5B100F264CD /* UIOnboarding */; };
		04B183E82AADB5C000F264CD /* UIOnboarding in Frameworks */ = {isa = PBXBuildFile; productRef = 04B183E72AADB5C000F264CD /* UIOnboarding */; };
		04B183EA2AADBA2600F264CD /* OnboardingHelper.swift in Sources */ = {isa = PBXBuildFile; fileRef = 04B183E92AADBA2600F264CD /* OnboardingHelper.swift */; };
		04B183EB2AADBA2600F264CD /* OnboardingHelper.swift in Sources */ = {isa = PBXBuildFile; fileRef = 04B183E92AADBA2600F264CD /* OnboardingHelper.swift */; };
		04B183EE2AADBA3C00F264CD /* OnboardingView.swift in Sources */ = {isa = PBXBuildFile; fileRef = 04B183ED2AADBA3C00F264CD /* OnboardingView.swift */; };
		04B183EF2AADBA3C00F264CD /* OnboardingView.swift in Sources */ = {isa = PBXBuildFile; fileRef = 04B183ED2AADBA3C00F264CD /* OnboardingView.swift */; };
		04B183F12AAE7BF000F264CD /* AppIcon.swift in Sources */ = {isa = PBXBuildFile; fileRef = 04B183F02AAE7BF000F264CD /* AppIcon.swift */; };
		04B183F22AAE7BF000F264CD /* AppIcon.swift in Sources */ = {isa = PBXBuildFile; fileRef = 04B183F02AAE7BF000F264CD /* AppIcon.swift */; };
		04B183F42AAE7C8300F264CD /* AppIconGallery.swift in Sources */ = {isa = PBXBuildFile; fileRef = 04B183F32AAE7C8300F264CD /* AppIconGallery.swift */; };
		04B183F52AAE7C8300F264CD /* AppIconGallery.swift in Sources */ = {isa = PBXBuildFile; fileRef = 04B183F32AAE7C8300F264CD /* AppIconGallery.swift */; };
		04B183F72AAE988000F264CD /* WranglingWithRawRepresentable.swift in Sources */ = {isa = PBXBuildFile; fileRef = 04B183F62AAE988000F264CD /* WranglingWithRawRepresentable.swift */; };
		04B183F82AAE988000F264CD /* WranglingWithRawRepresentable.swift in Sources */ = {isa = PBXBuildFile; fileRef = 04B183F62AAE988000F264CD /* WranglingWithRawRepresentable.swift */; };
		04B3D89C2AA9692E00376560 /* SwiftyChatView.swift in Sources */ = {isa = PBXBuildFile; fileRef = 04D7D14B2A96DCA8001B35FC /* SwiftyChatView.swift */; };
		04B3D89D2AA9692E00376560 /* OldNavigationMenuItem.swift in Sources */ = {isa = PBXBuildFile; fileRef = 04CCBCEE2A9B39B500533B41 /* OldNavigationMenuItem.swift */; };
		04B3D89E2AA9692E00376560 /* ContentView.swift in Sources */ = {isa = PBXBuildFile; fileRef = 04C9C69C2A7A619B00A6B66B /* ContentView.swift */; };
		04B3D89F2AA9692E00376560 /* MyChatView.swift in Sources */ = {isa = PBXBuildFile; fileRef = 04C1837B2A98A57500B220BB /* MyChatView.swift */; };
		04B3D8A02AA9692E00376560 /* Chat.swift in Sources */ = {isa = PBXBuildFile; fileRef = 04C9C69E2A7A619B00A6B66B /* Chat.swift */; };
		04B3D8A12AA9692E00376560 /* SettingsView.swift in Sources */ = {isa = PBXBuildFile; fileRef = 0453D8862A9EE92E00E57711 /* SettingsView.swift */; };
		04B3D8A22AA9692E00376560 /* SwiftDataModels.swift in Sources */ = {isa = PBXBuildFile; fileRef = 04CCBCE82A9B2A2800533B41 /* SwiftDataModels.swift */; };
		04B3D8A32AA9692E00376560 /* OldContentView.swift in Sources */ = {isa = PBXBuildFile; fileRef = 04CCBCE12A9B287400533B41 /* OldContentView.swift */; };
		04B3D8A42AA9692E00376560 /* illamaApp.swift in Sources */ = {isa = PBXBuildFile; fileRef = 04C9C69A2A7A619B00A6B66B /* illamaApp.swift */; };
		04B3D8A62AA9692E00376560 /* ChatView.swift in Sources */ = {isa = PBXBuildFile; fileRef = 041ECE0F2A89333E0001A821 /* ChatView.swift */; };
		04B3D8A72AA9692E00376560 /* NavigationMenuItem.swift in Sources */ = {isa = PBXBuildFile; fileRef = 04C183852A9AA39F00B220BB /* NavigationMenuItem.swift */; };
		04B3D8A82AA9692E00376560 /* LlamaClient.swift in Sources */ = {isa = PBXBuildFile; fileRef = 0486016B2A910F5C00292E9F /* LlamaClient.swift */; };
		04B3D8A92AA9692E00376560 /* ExyteChatView.swift in Sources */ = {isa = PBXBuildFile; fileRef = 04D7D14D2A96DDE8001B35FC /* ExyteChatView.swift */; };
		04B3D8AA2AA9692E00376560 /* Driver.swift in Sources */ = {isa = PBXBuildFile; fileRef = 04BEE5A92A7B658A000EB9E6 /* Driver.swift */; };
		04B3D8AB2AA9692E00376560 /* FileDataModels.swift in Sources */ = {isa = PBXBuildFile; fileRef = 04CCBCEC2A9B2C3000533B41 /* FileDataModels.swift */; };
		04B3D8AC2AA9692E00376560 /* CommonView.swift in Sources */ = {isa = PBXBuildFile; fileRef = 0453D8842A9EE83C00E57711 /* CommonView.swift */; };
		04B3D8AE2AA9692E00376560 /* Algorithms in Frameworks */ = {isa = PBXBuildFile; productRef = 04B3D8872AA9692E00376560 /* Algorithms */; };
		04B3D8AF2AA9692E00376560 /* MarkdownUI in Frameworks */ = {isa = PBXBuildFile; productRef = 04B3D8972AA9692E00376560 /* MarkdownUI */; };
		04B3D8B02AA9692E00376560 /* AsyncAlgorithms in Frameworks */ = {isa = PBXBuildFile; productRef = 04B3D8912AA9692E00376560 /* AsyncAlgorithms */; };
		04B3D8B12AA9692E00376560 /* SwiftUIIntrospect in Frameworks */ = {isa = PBXBuildFile; productRef = 04B3D8992AA9692E00376560 /* SwiftUIIntrospect */; };
		04B3D8B22AA9692E00376560 /* llama in Frameworks */ = {isa = PBXBuildFile; productRef = 04B3D8812AA9692E00376560 /* llama */; };
		04B3D8B32AA9692E00376560 /* LoremSwiftum in Frameworks */ = {isa = PBXBuildFile; productRef = 04B3D88D2AA9692E00376560 /* LoremSwiftum */; };
		04B3D8B42AA9692E00376560 /* CombineExt in Frameworks */ = {isa = PBXBuildFile; productRef = 04B3D8932AA9692E00376560 /* CombineExt */; };
		04B3D8B52AA9692E00376560 /* Lumos in Frameworks */ = {isa = PBXBuildFile; productRef = 04B3D8892AA9692E00376560 /* Lumos */; };
		04B3D8B62AA9692E00376560 /* CustomDump in Frameworks */ = {isa = PBXBuildFile; productRef = 04B3D88B2AA9692E00376560 /* CustomDump */; };
		04B3D8B72AA9692E00376560 /* Dependencies in Frameworks */ = {isa = PBXBuildFile; productRef = 04B3D88F2AA9692E00376560 /* Dependencies */; };
		04B3D8B82AA9692E00376560 /* AsyncQueue in Frameworks */ = {isa = PBXBuildFile; productRef = 04B3D8832AA9692E00376560 /* AsyncQueue */; };
		04B3D8B92AA9692E00376560 /* ExyteChat in Frameworks */ = {isa = PBXBuildFile; productRef = 04B3D8952AA9692E00376560 /* ExyteChat */; };
		04B3D8BA2AA9692E00376560 /* llama in Frameworks */ = {isa = PBXBuildFile; productRef = 04B3D8802AA9692E00376560 /* llama */; };
		04B3D8BB2AA9692E00376560 /* SwiftyChat in Frameworks */ = {isa = PBXBuildFile; productRef = 04B3D8852AA9692E00376560 /* SwiftyChat */; };
		04B3D8BC2AA9692E00376560 /* llama in Frameworks */ = {isa = PBXBuildFile; productRef = 04B3D87F2AA9692E00376560 /* llama */; };
		04B3D8C02AA9692E00376560 /* sample.md in Resources */ = {isa = PBXBuildFile; fileRef = 04C183802A996C7300B220BB /* sample.md */; };
		04B3D8C12AA9692E00376560 /* Preview Assets.xcassets in Resources */ = {isa = PBXBuildFile; fileRef = 04C9C6A42A7A619E00A6B66B /* Preview Assets.xcassets */; };
		04B3D8C22AA9692E00376560 /* Assets.xcassets in Resources */ = {isa = PBXBuildFile; fileRef = 04C9C6A02A7A619E00A6B66B /* Assets.xcassets */; };
		04BEE5AA2A7B658A000EB9E6 /* Driver.swift in Sources */ = {isa = PBXBuildFile; fileRef = 04BEE5A92A7B658A000EB9E6 /* Driver.swift */; };
		04C1837C2A98A57500B220BB /* MyChatView.swift in Sources */ = {isa = PBXBuildFile; fileRef = 04C1837B2A98A57500B220BB /* MyChatView.swift */; };
		04C1837F2A99550300B220BB /* MarkdownUI in Frameworks */ = {isa = PBXBuildFile; productRef = 04C1837E2A99550300B220BB /* MarkdownUI */; };
		04C183812A996C7300B220BB /* sample.md in Resources */ = {isa = PBXBuildFile; fileRef = 04C183802A996C7300B220BB /* sample.md */; };
		04C183842A99AD5E00B220BB /* SwiftUIIntrospect in Frameworks */ = {isa = PBXBuildFile; productRef = 04C183832A99AD5E00B220BB /* SwiftUIIntrospect */; };
		04C183862A9AA39F00B220BB /* NavigationMenuItem.swift in Sources */ = {isa = PBXBuildFile; fileRef = 04C183852A9AA39F00B220BB /* NavigationMenuItem.swift */; };
		04C9C69B2A7A619B00A6B66B /* illamaApp.swift in Sources */ = {isa = PBXBuildFile; fileRef = 04C9C69A2A7A619B00A6B66B /* illamaApp.swift */; };
		04C9C69D2A7A619B00A6B66B /* ContentView.swift in Sources */ = {isa = PBXBuildFile; fileRef = 04C9C69C2A7A619B00A6B66B /* ContentView.swift */; };
		04C9C69F2A7A619B00A6B66B /* Chat.swift in Sources */ = {isa = PBXBuildFile; fileRef = 04C9C69E2A7A619B00A6B66B /* Chat.swift */; };
		04C9C6A12A7A619E00A6B66B /* Assets.xcassets in Resources */ = {isa = PBXBuildFile; fileRef = 04C9C6A02A7A619E00A6B66B /* Assets.xcassets */; };
		04C9C6A52A7A619E00A6B66B /* Preview Assets.xcassets in Resources */ = {isa = PBXBuildFile; fileRef = 04C9C6A42A7A619E00A6B66B /* Preview Assets.xcassets */; };
		04C9C6B02A7A619E00A6B66B /* illamaTests.swift in Sources */ = {isa = PBXBuildFile; fileRef = 04C9C6AF2A7A619E00A6B66B /* illamaTests.swift */; };
		04C9C6BA2A7A619E00A6B66B /* illamaUITests.swift in Sources */ = {isa = PBXBuildFile; fileRef = 04C9C6B92A7A619E00A6B66B /* illamaUITests.swift */; };
		04C9C6BC2A7A619E00A6B66B /* illamaUITestsLaunchTests.swift in Sources */ = {isa = PBXBuildFile; fileRef = 04C9C6BB2A7A619E00A6B66B /* illamaUITestsLaunchTests.swift */; };
		04C9C6CF2A7A640B00A6B66B /* llama in Frameworks */ = {isa = PBXBuildFile; productRef = 04C9C6CE2A7A640B00A6B66B /* llama */; };
		04C9C6D22A7A64B300A6B66B /* llama in Frameworks */ = {isa = PBXBuildFile; productRef = 04C9C6D12A7A64B300A6B66B /* llama */; };
		04C9C6D52A7A656700A6B66B /* llama in Frameworks */ = {isa = PBXBuildFile; productRef = 04C9C6D42A7A656700A6B66B /* llama */; };
		04CCBCE22A9B287400533B41 /* OldContentView.swift in Sources */ = {isa = PBXBuildFile; fileRef = 04CCBCE12A9B287400533B41 /* OldContentView.swift */; };
		04CCBCE92A9B2A2800533B41 /* SwiftDataModels.swift in Sources */ = {isa = PBXBuildFile; fileRef = 04CCBCE82A9B2A2800533B41 /* SwiftDataModels.swift */; };
		04CCBCED2A9B2C3000533B41 /* FileDataModels.swift in Sources */ = {isa = PBXBuildFile; fileRef = 04CCBCEC2A9B2C3000533B41 /* FileDataModels.swift */; };
		04CCBCEF2A9B39B500533B41 /* OldNavigationMenuItem.swift in Sources */ = {isa = PBXBuildFile; fileRef = 04CCBCEE2A9B39B500533B41 /* OldNavigationMenuItem.swift */; };
		04D7D14C2A96DCA8001B35FC /* SwiftyChatView.swift in Sources */ = {isa = PBXBuildFile; fileRef = 04D7D14B2A96DCA8001B35FC /* SwiftyChatView.swift */; };
		04D7D14E2A96DDE8001B35FC /* ExyteChatView.swift in Sources */ = {isa = PBXBuildFile; fileRef = 04D7D14D2A96DDE8001B35FC /* ExyteChatView.swift */; };
		04D7D1512A96E27A001B35FC /* ExyteChat in Frameworks */ = {isa = PBXBuildFile; productRef = 04D7D1502A96E27A001B35FC /* ExyteChat */; };
/* End PBXBuildFile section */

/* Begin PBXContainerItemProxy section */
		04C9C6AC2A7A619E00A6B66B /* PBXContainerItemProxy */ = {
			isa = PBXContainerItemProxy;
			containerPortal = 04C9C68F2A7A619B00A6B66B /* Project object */;
			proxyType = 1;
			remoteGlobalIDString = 04C9C6962A7A619B00A6B66B;
			remoteInfo = illama;
		};
		04C9C6B62A7A619E00A6B66B /* PBXContainerItemProxy */ = {
			isa = PBXContainerItemProxy;
			containerPortal = 04C9C68F2A7A619B00A6B66B /* Project object */;
			proxyType = 1;
			remoteGlobalIDString = 04C9C6962A7A619B00A6B66B;
			remoteInfo = illama;
		};
/* End PBXContainerItemProxy section */

/* Begin PBXCopyFilesBuildPhase section */
		047A0DAF2AAEF22D00DCC398 /* CopyFiles */ = {
			isa = PBXCopyFilesBuildPhase;
			buildActionMask = 2147483647;
			dstPath = "";
			dstSubfolderSpec = 10;
			files = (
				047A0DB02AAEF23900DCC398 /* IllamaDynamic.xcframework in CopyFiles */,
			);
			runOnlyForDeploymentPostprocessing = 0;
		};
		047A0DB12AAEF44400DCC398 /* CopyFiles */ = {
			isa = PBXCopyFilesBuildPhase;
			buildActionMask = 2147483647;
			dstPath = "";
			dstSubfolderSpec = 10;
			files = (
				047A0DB22AAEF44B00DCC398 /* IllamaDynamic.xcframework in CopyFiles */,
			);
			runOnlyForDeploymentPostprocessing = 0;
		};
/* End PBXCopyFilesBuildPhase section */

/* Begin PBXFileReference section */
		041ECE0F2A89333E0001A821 /* ChatView.swift */ = {isa = PBXFileReference; lastKnownFileType = sourcecode.swift; path = ChatView.swift; sourceTree = "<group>"; };
		0453D8842A9EE83C00E57711 /* CommonView.swift */ = {isa = PBXFileReference; lastKnownFileType = sourcecode.swift; path = CommonView.swift; sourceTree = "<group>"; };
		0453D8862A9EE92E00E57711 /* SettingsView.swift */ = {isa = PBXFileReference; lastKnownFileType = sourcecode.swift; path = SettingsView.swift; sourceTree = "<group>"; };
		0477C4212AAED0DB00472726 /* IllamaDynamic.xcframework */ = {isa = PBXFileReference; lastKnownFileType = wrapper.xcframework; path = IllamaDynamic.xcframework; sourceTree = "<group>"; };
		0486016B2A910F5C00292E9F /* LlamaClient.swift */ = {isa = PBXFileReference; lastKnownFileType = sourcecode.swift; path = LlamaClient.swift; sourceTree = "<group>"; };
		04A3639B2AAEB1E500E6743E /* open-llama-3b-q4_0.bin */ = {isa = PBXFileReference; lastKnownFileType = archive.macbinary; path = "open-llama-3b-q4_0.bin"; sourceTree = "<group>"; };
		04A3639D2AAEB20900E6743E /* ggml-model-q3_k_m.bin */ = {isa = PBXFileReference; lastKnownFileType = archive.macbinary; path = "ggml-model-q3_k_m.bin"; sourceTree = "<group>"; };
		04B183E92AADBA2600F264CD /* OnboardingHelper.swift */ = {isa = PBXFileReference; lastKnownFileType = sourcecode.swift; path = OnboardingHelper.swift; sourceTree = "<group>"; };
		04B183ED2AADBA3C00F264CD /* OnboardingView.swift */ = {isa = PBXFileReference; lastKnownFileType = sourcecode.swift; path = OnboardingView.swift; sourceTree = "<group>"; };
		04B183F02AAE7BF000F264CD /* AppIcon.swift */ = {isa = PBXFileReference; lastKnownFileType = sourcecode.swift; path = AppIcon.swift; sourceTree = "<group>"; };
		04B183F32AAE7C8300F264CD /* AppIconGallery.swift */ = {isa = PBXFileReference; lastKnownFileType = sourcecode.swift; path = AppIconGallery.swift; sourceTree = "<group>"; };
		04B183F62AAE988000F264CD /* WranglingWithRawRepresentable.swift */ = {isa = PBXFileReference; lastKnownFileType = sourcecode.swift; path = WranglingWithRawRepresentable.swift; sourceTree = "<group>"; };
		04B3D8C62AA9692E00376560 /* big llama.app */ = {isa = PBXFileReference; explicitFileType = wrapper.application; includeInIndex = 0; path = "big llama.app"; sourceTree = BUILT_PRODUCTS_DIR; };
		04B3D8C72AA9692E00376560 /* big llama-Info.plist */ = {isa = PBXFileReference; lastKnownFileType = text.plist.xml; path = "big llama-Info.plist"; sourceTree = SOURCE_ROOT; };
		04BEE5A92A7B658A000EB9E6 /* Driver.swift */ = {isa = PBXFileReference; fileEncoding = 4; lastKnownFileType = sourcecode.swift; path = Driver.swift; sourceTree = "<group>"; };
		04C1837B2A98A57500B220BB /* MyChatView.swift */ = {isa = PBXFileReference; lastKnownFileType = sourcecode.swift; path = MyChatView.swift; sourceTree = "<group>"; };
		04C183802A996C7300B220BB /* sample.md */ = {isa = PBXFileReference; lastKnownFileType = net.daringfireball.markdown; path = sample.md; sourceTree = "<group>"; };
		04C183852A9AA39F00B220BB /* NavigationMenuItem.swift */ = {isa = PBXFileReference; lastKnownFileType = sourcecode.swift; path = NavigationMenuItem.swift; sourceTree = "<group>"; };
		04C9C6972A7A619B00A6B66B /* illama.app */ = {isa = PBXFileReference; explicitFileType = wrapper.application; includeInIndex = 0; path = illama.app; sourceTree = BUILT_PRODUCTS_DIR; };
		04C9C69A2A7A619B00A6B66B /* illamaApp.swift */ = {isa = PBXFileReference; lastKnownFileType = sourcecode.swift; path = illamaApp.swift; sourceTree = "<group>"; };
		04C9C69C2A7A619B00A6B66B /* ContentView.swift */ = {isa = PBXFileReference; lastKnownFileType = sourcecode.swift; path = ContentView.swift; sourceTree = "<group>"; };
		04C9C69E2A7A619B00A6B66B /* Chat.swift */ = {isa = PBXFileReference; lastKnownFileType = sourcecode.swift; path = Chat.swift; sourceTree = "<group>"; };
		04C9C6A02A7A619E00A6B66B /* Assets.xcassets */ = {isa = PBXFileReference; lastKnownFileType = folder.assetcatalog; path = Assets.xcassets; sourceTree = "<group>"; };
		04C9C6A22A7A619E00A6B66B /* illama.entitlements */ = {isa = PBXFileReference; lastKnownFileType = text.plist.entitlements; path = illama.entitlements; sourceTree = "<group>"; };
		04C9C6A42A7A619E00A6B66B /* Preview Assets.xcassets */ = {isa = PBXFileReference; lastKnownFileType = folder.assetcatalog; path = "Preview Assets.xcassets"; sourceTree = "<group>"; };
		04C9C6A62A7A619E00A6B66B /* Info.plist */ = {isa = PBXFileReference; lastKnownFileType = text.plist.xml; path = Info.plist; sourceTree = "<group>"; };
		04C9C6AB2A7A619E00A6B66B /* illamaTests.xctest */ = {isa = PBXFileReference; explicitFileType = wrapper.cfbundle; includeInIndex = 0; path = illamaTests.xctest; sourceTree = BUILT_PRODUCTS_DIR; };
		04C9C6AF2A7A619E00A6B66B /* illamaTests.swift */ = {isa = PBXFileReference; lastKnownFileType = sourcecode.swift; path = illamaTests.swift; sourceTree = "<group>"; };
		04C9C6B52A7A619E00A6B66B /* illamaUITests.xctest */ = {isa = PBXFileReference; explicitFileType = wrapper.cfbundle; includeInIndex = 0; path = illamaUITests.xctest; sourceTree = BUILT_PRODUCTS_DIR; };
		04C9C6B92A7A619E00A6B66B /* illamaUITests.swift */ = {isa = PBXFileReference; lastKnownFileType = sourcecode.swift; path = illamaUITests.swift; sourceTree = "<group>"; };
		04C9C6BB2A7A619E00A6B66B /* illamaUITestsLaunchTests.swift */ = {isa = PBXFileReference; lastKnownFileType = sourcecode.swift; path = illamaUITestsLaunchTests.swift; sourceTree = "<group>"; };
		04CCBCE12A9B287400533B41 /* OldContentView.swift */ = {isa = PBXFileReference; lastKnownFileType = sourcecode.swift; path = OldContentView.swift; sourceTree = "<group>"; };
		04CCBCE82A9B2A2800533B41 /* SwiftDataModels.swift */ = {isa = PBXFileReference; lastKnownFileType = sourcecode.swift; path = SwiftDataModels.swift; sourceTree = "<group>"; };
		04CCBCEC2A9B2C3000533B41 /* FileDataModels.swift */ = {isa = PBXFileReference; lastKnownFileType = sourcecode.swift; path = FileDataModels.swift; sourceTree = "<group>"; };
		04CCBCEE2A9B39B500533B41 /* OldNavigationMenuItem.swift */ = {isa = PBXFileReference; lastKnownFileType = sourcecode.swift; path = OldNavigationMenuItem.swift; sourceTree = "<group>"; };
		04D7D14B2A96DCA8001B35FC /* SwiftyChatView.swift */ = {isa = PBXFileReference; lastKnownFileType = sourcecode.swift; path = SwiftyChatView.swift; sourceTree = "<group>"; };
		04D7D14D2A96DDE8001B35FC /* ExyteChatView.swift */ = {isa = PBXFileReference; lastKnownFileType = sourcecode.swift; path = ExyteChatView.swift; sourceTree = "<group>"; };
/* End PBXFileReference section */

/* Begin PBXFrameworksBuildPhase section */
		04B3D8AD2AA9692E00376560 /* Frameworks */ = {
			isa = PBXFrameworksBuildPhase;
			buildActionMask = 2147483647;
			files = (
				04B3D8AE2AA9692E00376560 /* Algorithms in Frameworks */,
				0477C4232AAED0DB00472726 /* IllamaDynamic.xcframework in Frameworks */,
				0435AADA2AAD54C800BCCC2C /* DeviceKit in Frameworks */,
				04B3D8AF2AA9692E00376560 /* MarkdownUI in Frameworks */,
				04B3D8B02AA9692E00376560 /* AsyncAlgorithms in Frameworks */,
				04B3D8B12AA9692E00376560 /* SwiftUIIntrospect in Frameworks */,
				04B3D8B22AA9692E00376560 /* llama in Frameworks */,
				04B3D8B32AA9692E00376560 /* LoremSwiftum in Frameworks */,
				04B3D8B42AA9692E00376560 /* CombineExt in Frameworks */,
				04B3D8B52AA9692E00376560 /* Lumos in Frameworks */,
				04B3D8B62AA9692E00376560 /* CustomDump in Frameworks */,
				04B183E82AADB5C000F264CD /* UIOnboarding in Frameworks */,
				04B3D8B72AA9692E00376560 /* Dependencies in Frameworks */,
				04B3D8B82AA9692E00376560 /* AsyncQueue in Frameworks */,
				04B3D8B92AA9692E00376560 /* ExyteChat in Frameworks */,
				04B3D8BA2AA9692E00376560 /* llama in Frameworks */,
				04B3D8BB2AA9692E00376560 /* SwiftyChat in Frameworks */,
				04B3D8BC2AA9692E00376560 /* llama in Frameworks */,
			);
			runOnlyForDeploymentPostprocessing = 0;
		};
		04C9C6942A7A619B00A6B66B /* Frameworks */ = {
			isa = PBXFrameworksBuildPhase;
			buildActionMask = 2147483647;
			files = (
				041ECE162A8A3E5C0001A821 /* Algorithms in Frameworks */,
				0477C4222AAED0DB00472726 /* IllamaDynamic.xcframework in Frameworks */,
				0435AAD72AAD54B400BCCC2C /* DeviceKit in Frameworks */,
				04C1837F2A99550300B220BB /* MarkdownUI in Frameworks */,
				048E4D422A911327007B6443 /* AsyncAlgorithms in Frameworks */,
				04C183842A99AD5E00B220BB /* SwiftUIIntrospect in Frameworks */,
				04C9C6D52A7A656700A6B66B /* llama in Frameworks */,
				048601672A910F2800292E9F /* LoremSwiftum in Frameworks */,
				048E4D452A9114AF007B6443 /* CombineExt in Frameworks */,
				048601612A8F46B600292E9F /* Lumos in Frameworks */,
				048601642A8F495800292E9F /* CustomDump in Frameworks */,
				04B183E62AADB5B100F264CD /* UIOnboarding in Frameworks */,
				0486016A2A910F3800292E9F /* Dependencies in Frameworks */,
				041ECE0E2A8932240001A821 /* AsyncQueue in Frameworks */,
				04D7D1512A96E27A001B35FC /* ExyteChat in Frameworks */,
				04C9C6D22A7A64B300A6B66B /* llama in Frameworks */,
				041ECE132A8943F20001A821 /* SwiftyChat in Frameworks */,
				04C9C6CF2A7A640B00A6B66B /* llama in Frameworks */,
			);
			runOnlyForDeploymentPostprocessing = 0;
		};
		04C9C6A82A7A619E00A6B66B /* Frameworks */ = {
			isa = PBXFrameworksBuildPhase;
			buildActionMask = 2147483647;
			files = (
			);
			runOnlyForDeploymentPostprocessing = 0;
		};
		04C9C6B22A7A619E00A6B66B /* Frameworks */ = {
			isa = PBXFrameworksBuildPhase;
			buildActionMask = 2147483647;
			files = (
			);
			runOnlyForDeploymentPostprocessing = 0;
		};
/* End PBXFrameworksBuildPhase section */

/* Begin PBXGroup section */
		0435AAD82AAD54C800BCCC2C /* Frameworks */ = {
			isa = PBXGroup;
			children = (
				0477C4212AAED0DB00472726 /* IllamaDynamic.xcframework */,
			);
			name = Frameworks;
			sourceTree = "<group>";
		};
		04B183EC2AADBA2E00F264CD /* Onboarding */ = {
			isa = PBXGroup;
			children = (
				04B183E92AADBA2600F264CD /* OnboardingHelper.swift */,
				04B183ED2AADBA3C00F264CD /* OnboardingView.swift */,
			);
			path = Onboarding;
			sourceTree = "<group>";
		};
		04C9C68E2A7A619B00A6B66B = {
			isa = PBXGroup;
			children = (
				04C9C6992A7A619B00A6B66B /* illama */,
				04C9C6AE2A7A619E00A6B66B /* illamaTests */,
				04C9C6B82A7A619E00A6B66B /* illamaUITests */,
				04C9C6982A7A619B00A6B66B /* Products */,
				04B3D8C72AA9692E00376560 /* big llama-Info.plist */,
				0435AAD82AAD54C800BCCC2C /* Frameworks */,
			);
			sourceTree = "<group>";
		};
		04C9C6982A7A619B00A6B66B /* Products */ = {
			isa = PBXGroup;
			children = (
				04C9C6972A7A619B00A6B66B /* illama.app */,
				04C9C6AB2A7A619E00A6B66B /* illamaTests.xctest */,
				04C9C6B52A7A619E00A6B66B /* illamaUITests.xctest */,
				04B3D8C62AA9692E00376560 /* big llama.app */,
			);
			name = Products;
			sourceTree = "<group>";
		};
		04C9C6992A7A619B00A6B66B /* illama */ = {
			isa = PBXGroup;
			children = (
				04B183EC2AADBA2E00F264CD /* Onboarding */,
				04CCBCE72A9B29BD00533B41 /* Old */,
				04CCBCE62A9B29B700533B41 /* New */,
				04C9C6C82A7A622100A6B66B /* models */,
				04C9C69A2A7A619B00A6B66B /* illamaApp.swift */,
				04BEE5A92A7B658A000EB9E6 /* Driver.swift */,
				04C9C69E2A7A619B00A6B66B /* Chat.swift */,
				04C9C6A02A7A619E00A6B66B /* Assets.xcassets */,
				04C9C6A22A7A619E00A6B66B /* illama.entitlements */,
				04C9C6A62A7A619E00A6B66B /* Info.plist */,
				04C9C6A32A7A619E00A6B66B /* Preview Content */,
				041ECE0F2A89333E0001A821 /* ChatView.swift */,
				0486016B2A910F5C00292E9F /* LlamaClient.swift */,
				04D7D14B2A96DCA8001B35FC /* SwiftyChatView.swift */,
				04D7D14D2A96DDE8001B35FC /* ExyteChatView.swift */,
				04C1837B2A98A57500B220BB /* MyChatView.swift */,
				04C183802A996C7300B220BB /* sample.md */,
				04C183852A9AA39F00B220BB /* NavigationMenuItem.swift */,
				0453D8842A9EE83C00E57711 /* CommonView.swift */,
				0453D8862A9EE92E00E57711 /* SettingsView.swift */,
				04B183F02AAE7BF000F264CD /* AppIcon.swift */,
				04B183F32AAE7C8300F264CD /* AppIconGallery.swift */,
				04B183F62AAE988000F264CD /* WranglingWithRawRepresentable.swift */,
			);
			path = illama;
			sourceTree = "<group>";
		};
		04C9C6A32A7A619E00A6B66B /* Preview Content */ = {
			isa = PBXGroup;
			children = (
				04C9C6A42A7A619E00A6B66B /* Preview Assets.xcassets */,
			);
			path = "Preview Content";
			sourceTree = "<group>";
		};
		04C9C6AE2A7A619E00A6B66B /* illamaTests */ = {
			isa = PBXGroup;
			children = (
				04C9C6AF2A7A619E00A6B66B /* illamaTests.swift */,
			);
			path = illamaTests;
			sourceTree = "<group>";
		};
		04C9C6B82A7A619E00A6B66B /* illamaUITests */ = {
			isa = PBXGroup;
			children = (
				04C9C6B92A7A619E00A6B66B /* illamaUITests.swift */,
				04C9C6BB2A7A619E00A6B66B /* illamaUITestsLaunchTests.swift */,
			);
			path = illamaUITests;
			sourceTree = "<group>";
		};
		04C9C6C82A7A622100A6B66B /* models */ = {
			isa = PBXGroup;
			children = (
				04A3639D2AAEB20900E6743E /* ggml-model-q3_k_m.bin */,
				04A3639B2AAEB1E500E6743E /* open-llama-3b-q4_0.bin */,
			);
			path = models;
			sourceTree = "<group>";
		};
		04CCBCE62A9B29B700533B41 /* New */ = {
			isa = PBXGroup;
			children = (
				04C9C69C2A7A619B00A6B66B /* ContentView.swift */,
				04CCBCE82A9B2A2800533B41 /* SwiftDataModels.swift */,
			);
			path = New;
			sourceTree = "<group>";
		};
		04CCBCE72A9B29BD00533B41 /* Old */ = {
			isa = PBXGroup;
			children = (
				04CCBCE12A9B287400533B41 /* OldContentView.swift */,
				04CCBCEC2A9B2C3000533B41 /* FileDataModels.swift */,
				04CCBCEE2A9B39B500533B41 /* OldNavigationMenuItem.swift */,
			);
			path = Old;
			sourceTree = "<group>";
		};
/* End PBXGroup section */

/* Begin PBXNativeTarget section */
		04B3D87E2AA9692E00376560 /* big llama */ = {
			isa = PBXNativeTarget;
			buildConfigurationList = 04B3D8C32AA9692E00376560 /* Build configuration list for PBXNativeTarget "big llama" */;
			buildPhases = (
				04B3D89B2AA9692E00376560 /* Sources */,
				04B3D8AD2AA9692E00376560 /* Frameworks */,
				04B3D8BD2AA9692E00376560 /* Resources */,
				047A0DB12AAEF44400DCC398 /* CopyFiles */,
			);
			buildRules = (
			);
			dependencies = (
				047D19AA2AAEB355001349DF /* PBXTargetDependency */,
			);
			name = "big llama";
			packageProductDependencies = (
				04B3D87F2AA9692E00376560 /* llama */,
				04B3D8802AA9692E00376560 /* llama */,
				04B3D8812AA9692E00376560 /* llama */,
				04B3D8832AA9692E00376560 /* AsyncQueue */,
				04B3D8852AA9692E00376560 /* SwiftyChat */,
				04B3D8872AA9692E00376560 /* Algorithms */,
				04B3D8892AA9692E00376560 /* Lumos */,
				04B3D88B2AA9692E00376560 /* CustomDump */,
				04B3D88D2AA9692E00376560 /* LoremSwiftum */,
				04B3D88F2AA9692E00376560 /* Dependencies */,
				04B3D8912AA9692E00376560 /* AsyncAlgorithms */,
				04B3D8932AA9692E00376560 /* CombineExt */,
				04B3D8952AA9692E00376560 /* ExyteChat */,
				04B3D8972AA9692E00376560 /* MarkdownUI */,
				04B3D8992AA9692E00376560 /* SwiftUIIntrospect */,
				0435AAD92AAD54C800BCCC2C /* DeviceKit */,
				04B183E72AADB5C000F264CD /* UIOnboarding */,
			);
			productName = illama;
			productReference = 04B3D8C62AA9692E00376560 /* big llama.app */;
			productType = "com.apple.product-type.application";
		};
		04C9C6962A7A619B00A6B66B /* illama */ = {
			isa = PBXNativeTarget;
			buildConfigurationList = 04C9C6BF2A7A619E00A6B66B /* Build configuration list for PBXNativeTarget "illama" */;
			buildPhases = (
				04C9C6932A7A619B00A6B66B /* Sources */,
				04C9C6942A7A619B00A6B66B /* Frameworks */,
				04C9C6952A7A619B00A6B66B /* Resources */,
				047A0DAF2AAEF22D00DCC398 /* CopyFiles */,
			);
			buildRules = (
			);
			dependencies = (
				047D19A82AAEB34F001349DF /* PBXTargetDependency */,
			);
			name = illama;
			packageProductDependencies = (
				04C9C6CE2A7A640B00A6B66B /* llama */,
				04C9C6D12A7A64B300A6B66B /* llama */,
				04C9C6D42A7A656700A6B66B /* llama */,
				041ECE0D2A8932240001A821 /* AsyncQueue */,
				041ECE122A8943F20001A821 /* SwiftyChat */,
				041ECE152A8A3E5C0001A821 /* Algorithms */,
				048601602A8F46B600292E9F /* Lumos */,
				048601632A8F495800292E9F /* CustomDump */,
				048601662A910F2800292E9F /* LoremSwiftum */,
				048601692A910F3800292E9F /* Dependencies */,
				048E4D412A911327007B6443 /* AsyncAlgorithms */,
				048E4D442A9114AF007B6443 /* CombineExt */,
				04D7D1502A96E27A001B35FC /* ExyteChat */,
				04C1837E2A99550300B220BB /* MarkdownUI */,
				04C183832A99AD5E00B220BB /* SwiftUIIntrospect */,
				0435AAD62AAD54B400BCCC2C /* DeviceKit */,
				04B183E52AADB5B100F264CD /* UIOnboarding */,
			);
			productName = illama;
			productReference = 04C9C6972A7A619B00A6B66B /* illama.app */;
			productType = "com.apple.product-type.application";
		};
		04C9C6AA2A7A619E00A6B66B /* illamaTests */ = {
			isa = PBXNativeTarget;
			buildConfigurationList = 04C9C6C22A7A619E00A6B66B /* Build configuration list for PBXNativeTarget "illamaTests" */;
			buildPhases = (
				04C9C6A72A7A619E00A6B66B /* Sources */,
				04C9C6A82A7A619E00A6B66B /* Frameworks */,
				04C9C6A92A7A619E00A6B66B /* Resources */,
			);
			buildRules = (
			);
			dependencies = (
				04C9C6AD2A7A619E00A6B66B /* PBXTargetDependency */,
			);
			name = illamaTests;
			productName = illamaTests;
			productReference = 04C9C6AB2A7A619E00A6B66B /* illamaTests.xctest */;
			productType = "com.apple.product-type.bundle.unit-test";
		};
		04C9C6B42A7A619E00A6B66B /* illamaUITests */ = {
			isa = PBXNativeTarget;
			buildConfigurationList = 04C9C6C52A7A619E00A6B66B /* Build configuration list for PBXNativeTarget "illamaUITests" */;
			buildPhases = (
				04C9C6B12A7A619E00A6B66B /* Sources */,
				04C9C6B22A7A619E00A6B66B /* Frameworks */,
				04C9C6B32A7A619E00A6B66B /* Resources */,
			);
			buildRules = (
			);
			dependencies = (
				04C9C6B72A7A619E00A6B66B /* PBXTargetDependency */,
			);
			name = illamaUITests;
			productName = illamaUITests;
			productReference = 04C9C6B52A7A619E00A6B66B /* illamaUITests.xctest */;
			productType = "com.apple.product-type.bundle.ui-testing";
		};
/* End PBXNativeTarget section */

/* Begin PBXProject section */
		04C9C68F2A7A619B00A6B66B /* Project object */ = {
			isa = PBXProject;
			attributes = {
				BuildIndependentTargetsInParallel = 1;
				LastSwiftUpdateCheck = 1500;
				LastUpgradeCheck = 1500;
				TargetAttributes = {
					04C9C6962A7A619B00A6B66B = {
						CreatedOnToolsVersion = 15.0;
						LastSwiftMigration = 1500;
					};
					04C9C6AA2A7A619E00A6B66B = {
						CreatedOnToolsVersion = 15.0;
						TestTargetID = 04C9C6962A7A619B00A6B66B;
					};
					04C9C6B42A7A619E00A6B66B = {
						CreatedOnToolsVersion = 15.0;
						TestTargetID = 04C9C6962A7A619B00A6B66B;
					};
				};
			};
			buildConfigurationList = 04C9C6922A7A619B00A6B66B /* Build configuration list for PBXProject "illama" */;
			compatibilityVersion = "Xcode 14.0";
			developmentRegion = en;
			hasScannedForEncodings = 0;
			knownRegions = (
				en,
				Base,
			);
			mainGroup = 04C9C68E2A7A619B00A6B66B;
			packageReferences = (
				04C9C6D32A7A656700A6B66B /* XCRemoteSwiftPackageReference "llama" */,
				041ECE0C2A8932240001A821 /* XCRemoteSwiftPackageReference "swift-async-queue" */,
				041ECE112A8943F20001A821 /* XCRemoteSwiftPackageReference "SwiftyChat" */,
				041ECE142A8A3E5C0001A821 /* XCRemoteSwiftPackageReference "swift-algorithms" */,
				0486015F2A8F46B600292E9F /* XCRemoteSwiftPackageReference "lumos" */,
				048601622A8F495800292E9F /* XCRemoteSwiftPackageReference "swift-custom-dump" */,
				048601652A910F2800292E9F /* XCRemoteSwiftPackageReference "LoremSwiftum" */,
				048601682A910F3800292E9F /* XCRemoteSwiftPackageReference "swift-dependencies" */,
				048E4D402A911327007B6443 /* XCRemoteSwiftPackageReference "swift-async-algorithms" */,
				048E4D432A9114AF007B6443 /* XCRemoteSwiftPackageReference "CombineExt" */,
				04D7D14F2A96E27A001B35FC /* XCRemoteSwiftPackageReference "chat" */,
				04C1837D2A99550300B220BB /* XCRemoteSwiftPackageReference "swift-markdown-ui" */,
				04C183822A99AD5E00B220BB /* XCRemoteSwiftPackageReference "SwiftUI-Introspect" */,
				0435AAD52AAD54B400BCCC2C /* XCRemoteSwiftPackageReference "DeviceKit" */,
				04B183E42AADB5B100F264CD /* XCRemoteSwiftPackageReference "UIOnboarding" */,
			);
			productRefGroup = 04C9C6982A7A619B00A6B66B /* Products */;
			projectDirPath = "";
			projectRoot = "";
			targets = (
				04C9C6962A7A619B00A6B66B /* illama */,
				04C9C6AA2A7A619E00A6B66B /* illamaTests */,
				04C9C6B42A7A619E00A6B66B /* illamaUITests */,
				04B3D87E2AA9692E00376560 /* big llama */,
			);
		};
/* End PBXProject section */

/* Begin PBXResourcesBuildPhase section */
		04B3D8BD2AA9692E00376560 /* Resources */ = {
			isa = PBXResourcesBuildPhase;
			buildActionMask = 2147483647;
			files = (
				04A3639E2AAEB20900E6743E /* ggml-model-q3_k_m.bin in Resources */,
				04B3D8C02AA9692E00376560 /* sample.md in Resources */,
				04B3D8C12AA9692E00376560 /* Preview Assets.xcassets in Resources */,
				04B3D8C22AA9692E00376560 /* Assets.xcassets in Resources */,
			);
			runOnlyForDeploymentPostprocessing = 0;
		};
		04C9C6952A7A619B00A6B66B /* Resources */ = {
			isa = PBXResourcesBuildPhase;
			buildActionMask = 2147483647;
			files = (
				04C183812A996C7300B220BB /* sample.md in Resources */,
				04C9C6A52A7A619E00A6B66B /* Preview Assets.xcassets in Resources */,
				04A3639C2AAEB1E500E6743E /* open-llama-3b-q4_0.bin in Resources */,
				04C9C6A12A7A619E00A6B66B /* Assets.xcassets in Resources */,
			);
			runOnlyForDeploymentPostprocessing = 0;
		};
		04C9C6A92A7A619E00A6B66B /* Resources */ = {
			isa = PBXResourcesBuildPhase;
			buildActionMask = 2147483647;
			files = (
			);
			runOnlyForDeploymentPostprocessing = 0;
		};
		04C9C6B32A7A619E00A6B66B /* Resources */ = {
			isa = PBXResourcesBuildPhase;
			buildActionMask = 2147483647;
			files = (
			);
			runOnlyForDeploymentPostprocessing = 0;
		};
/* End PBXResourcesBuildPhase section */

/* Begin PBXSourcesBuildPhase section */
		04B3D89B2AA9692E00376560 /* Sources */ = {
			isa = PBXSourcesBuildPhase;
			buildActionMask = 2147483647;
			files = (
				04B3D89C2AA9692E00376560 /* SwiftyChatView.swift in Sources */,
				04B3D89D2AA9692E00376560 /* OldNavigationMenuItem.swift in Sources */,
				04B3D89E2AA9692E00376560 /* ContentView.swift in Sources */,
				04B3D89F2AA9692E00376560 /* MyChatView.swift in Sources */,
				04B3D8A02AA9692E00376560 /* Chat.swift in Sources */,
				04B3D8A12AA9692E00376560 /* SettingsView.swift in Sources */,
				04B3D8A22AA9692E00376560 /* SwiftDataModels.swift in Sources */,
				04B3D8A32AA9692E00376560 /* OldContentView.swift in Sources */,
				04B3D8A42AA9692E00376560 /* illamaApp.swift in Sources */,
				04B183F22AAE7BF000F264CD /* AppIcon.swift in Sources */,
				04B183F82AAE988000F264CD /* WranglingWithRawRepresentable.swift in Sources */,
				04B3D8A62AA9692E00376560 /* ChatView.swift in Sources */,
				04B183F52AAE7C8300F264CD /* AppIconGallery.swift in Sources */,
				04B183EF2AADBA3C00F264CD /* OnboardingView.swift in Sources */,
				04B3D8A72AA9692E00376560 /* NavigationMenuItem.swift in Sources */,
				04B3D8A82AA9692E00376560 /* LlamaClient.swift in Sources */,
				04B3D8A92AA9692E00376560 /* ExyteChatView.swift in Sources */,
				04B3D8AA2AA9692E00376560 /* Driver.swift in Sources */,
				04B3D8AB2AA9692E00376560 /* FileDataModels.swift in Sources */,
				04B183EB2AADBA2600F264CD /* OnboardingHelper.swift in Sources */,
				04B3D8AC2AA9692E00376560 /* CommonView.swift in Sources */,
			);
			runOnlyForDeploymentPostprocessing = 0;
		};
		04C9C6932A7A619B00A6B66B /* Sources */ = {
			isa = PBXSourcesBuildPhase;
			buildActionMask = 2147483647;
			files = (
				04D7D14C2A96DCA8001B35FC /* SwiftyChatView.swift in Sources */,
				04CCBCEF2A9B39B500533B41 /* OldNavigationMenuItem.swift in Sources */,
				04C9C69D2A7A619B00A6B66B /* ContentView.swift in Sources */,
				04C1837C2A98A57500B220BB /* MyChatView.swift in Sources */,
				04C9C69F2A7A619B00A6B66B /* Chat.swift in Sources */,
				0453D8872A9EE92E00E57711 /* SettingsView.swift in Sources */,
				04CCBCE92A9B2A2800533B41 /* SwiftDataModels.swift in Sources */,
				04CCBCE22A9B287400533B41 /* OldContentView.swift in Sources */,
				04C9C69B2A7A619B00A6B66B /* illamaApp.swift in Sources */,
				04B183F12AAE7BF000F264CD /* AppIcon.swift in Sources */,
				04B183F72AAE988000F264CD /* WranglingWithRawRepresentable.swift in Sources */,
				041ECE102A89333E0001A821 /* ChatView.swift in Sources */,
				04B183F42AAE7C8300F264CD /* AppIconGallery.swift in Sources */,
				04B183EE2AADBA3C00F264CD /* OnboardingView.swift in Sources */,
				04C183862A9AA39F00B220BB /* NavigationMenuItem.swift in Sources */,
				0486016C2A910F5C00292E9F /* LlamaClient.swift in Sources */,
				04D7D14E2A96DDE8001B35FC /* ExyteChatView.swift in Sources */,
				04BEE5AA2A7B658A000EB9E6 /* Driver.swift in Sources */,
				04CCBCED2A9B2C3000533B41 /* FileDataModels.swift in Sources */,
				04B183EA2AADBA2600F264CD /* OnboardingHelper.swift in Sources */,
				0453D8852A9EE83C00E57711 /* CommonView.swift in Sources */,
			);
			runOnlyForDeploymentPostprocessing = 0;
		};
		04C9C6A72A7A619E00A6B66B /* Sources */ = {
			isa = PBXSourcesBuildPhase;
			buildActionMask = 2147483647;
			files = (
				04C9C6B02A7A619E00A6B66B /* illamaTests.swift in Sources */,
			);
			runOnlyForDeploymentPostprocessing = 0;
		};
		04C9C6B12A7A619E00A6B66B /* Sources */ = {
			isa = PBXSourcesBuildPhase;
			buildActionMask = 2147483647;
			files = (
				04C9C6BC2A7A619E00A6B66B /* illamaUITestsLaunchTests.swift in Sources */,
				04C9C6BA2A7A619E00A6B66B /* illamaUITests.swift in Sources */,
			);
			runOnlyForDeploymentPostprocessing = 0;
		};
/* End PBXSourcesBuildPhase section */

/* Begin PBXTargetDependency section */
		047D19A82AAEB34F001349DF /* PBXTargetDependency */ = {
			isa = PBXTargetDependency;
			productRef = 047D19A72AAEB34F001349DF /* llama */;
		};
		047D19AA2AAEB355001349DF /* PBXTargetDependency */ = {
			isa = PBXTargetDependency;
			productRef = 047D19A92AAEB355001349DF /* llama */;
		};
		04C9C6AD2A7A619E00A6B66B /* PBXTargetDependency */ = {
			isa = PBXTargetDependency;
			target = 04C9C6962A7A619B00A6B66B /* illama */;
			targetProxy = 04C9C6AC2A7A619E00A6B66B /* PBXContainerItemProxy */;
		};
		04C9C6B72A7A619E00A6B66B /* PBXTargetDependency */ = {
			isa = PBXTargetDependency;
			target = 04C9C6962A7A619B00A6B66B /* illama */;
			targetProxy = 04C9C6B62A7A619E00A6B66B /* PBXContainerItemProxy */;
		};
/* End PBXTargetDependency section */

/* Begin XCBuildConfiguration section */
		04B3D8C42AA9692E00376560 /* Debug */ = {
			isa = XCBuildConfiguration;
			buildSettings = {
				ASSETCATALOG_COMPILER_APPICON_NAME = AppIcon;
				ASSETCATALOG_COMPILER_GLOBAL_ACCENT_COLOR_NAME = AccentColor;
				CLANG_ENABLE_MODULES = YES;
				CODE_SIGN_ENTITLEMENTS = illama/illama.entitlements;
				CODE_SIGN_STYLE = Automatic;
				CURRENT_PROJECT_VERSION = 1;
				DEVELOPMENT_ASSET_PATHS = "\"illama/Preview Content\"";
				DEVELOPMENT_TEAM = K8FHN3DJNA;
				ENABLE_HARDENED_RUNTIME = YES;
				ENABLE_PREVIEWS = YES;
				GENERATE_INFOPLIST_FILE = YES;
				INFOPLIST_FILE = "illama copy-Info.plist";
				INFOPLIST_KEY_LSApplicationCategoryType = "public.app-category.productivity";
				"INFOPLIST_KEY_UIApplicationSceneManifest_Generation[sdk=iphoneos*]" = YES;
				"INFOPLIST_KEY_UIApplicationSceneManifest_Generation[sdk=iphonesimulator*]" = YES;
				"INFOPLIST_KEY_UIApplicationSupportsIndirectInputEvents[sdk=iphoneos*]" = YES;
				"INFOPLIST_KEY_UIApplicationSupportsIndirectInputEvents[sdk=iphonesimulator*]" = YES;
				"INFOPLIST_KEY_UILaunchScreen_Generation[sdk=iphoneos*]" = YES;
				"INFOPLIST_KEY_UILaunchScreen_Generation[sdk=iphonesimulator*]" = YES;
				"INFOPLIST_KEY_UIStatusBarStyle[sdk=iphoneos*]" = UIStatusBarStyleDefault;
				"INFOPLIST_KEY_UIStatusBarStyle[sdk=iphonesimulator*]" = UIStatusBarStyleDefault;
				INFOPLIST_KEY_UISupportedInterfaceOrientations_iPad = "UIInterfaceOrientationPortrait UIInterfaceOrientationPortraitUpsideDown UIInterfaceOrientationLandscapeLeft UIInterfaceOrientationLandscapeRight";
				INFOPLIST_KEY_UISupportedInterfaceOrientations_iPhone = "UIInterfaceOrientationPortrait UIInterfaceOrientationLandscapeLeft UIInterfaceOrientationLandscapeRight";
				IPHONEOS_DEPLOYMENT_TARGET = 16.0;
				LD_RUNPATH_SEARCH_PATHS = "@executable_path/Frameworks";
				"LD_RUNPATH_SEARCH_PATHS[sdk=macosx*]" = "@executable_path/../Frameworks";
				MACOSX_DEPLOYMENT_TARGET = 14.0;
				MARKETING_VERSION = 1.0;
				PRODUCT_BUNDLE_IDENTIFIER = com.nanoflick.bigllama;
				PRODUCT_NAME = "$(TARGET_NAME)";
				SDKROOT = auto;
				SUPPORTED_PLATFORMS = "iphoneos iphonesimulator";
				SUPPORTS_MACCATALYST = YES;
				SWIFT_EMIT_LOC_STRINGS = YES;
				SWIFT_OPTIMIZATION_LEVEL = "-Onone";
				SWIFT_VERSION = 5.0;
				TARGETED_DEVICE_FAMILY = "1,2,6";
			};
			name = Debug;
		};
		04B3D8C52AA9692E00376560 /* Release */ = {
			isa = XCBuildConfiguration;
			buildSettings = {
				ASSETCATALOG_COMPILER_APPICON_NAME = AppIcon;
				ASSETCATALOG_COMPILER_GLOBAL_ACCENT_COLOR_NAME = AccentColor;
				CLANG_ENABLE_MODULES = YES;
				CODE_SIGN_ENTITLEMENTS = illama/illama.entitlements;
				CODE_SIGN_STYLE = Automatic;
				CURRENT_PROJECT_VERSION = 1;
				DEVELOPMENT_ASSET_PATHS = "\"illama/Preview Content\"";
				DEVELOPMENT_TEAM = K8FHN3DJNA;
				ENABLE_HARDENED_RUNTIME = YES;
				ENABLE_PREVIEWS = YES;
				GENERATE_INFOPLIST_FILE = YES;
				INFOPLIST_FILE = "illama copy-Info.plist";
				INFOPLIST_KEY_LSApplicationCategoryType = "public.app-category.productivity";
				"INFOPLIST_KEY_UIApplicationSceneManifest_Generation[sdk=iphoneos*]" = YES;
				"INFOPLIST_KEY_UIApplicationSceneManifest_Generation[sdk=iphonesimulator*]" = YES;
				"INFOPLIST_KEY_UIApplicationSupportsIndirectInputEvents[sdk=iphoneos*]" = YES;
				"INFOPLIST_KEY_UIApplicationSupportsIndirectInputEvents[sdk=iphonesimulator*]" = YES;
				"INFOPLIST_KEY_UILaunchScreen_Generation[sdk=iphoneos*]" = YES;
				"INFOPLIST_KEY_UILaunchScreen_Generation[sdk=iphonesimulator*]" = YES;
				"INFOPLIST_KEY_UIStatusBarStyle[sdk=iphoneos*]" = UIStatusBarStyleDefault;
				"INFOPLIST_KEY_UIStatusBarStyle[sdk=iphonesimulator*]" = UIStatusBarStyleDefault;
				INFOPLIST_KEY_UISupportedInterfaceOrientations_iPad = "UIInterfaceOrientationPortrait UIInterfaceOrientationPortraitUpsideDown UIInterfaceOrientationLandscapeLeft UIInterfaceOrientationLandscapeRight";
				INFOPLIST_KEY_UISupportedInterfaceOrientations_iPhone = "UIInterfaceOrientationPortrait UIInterfaceOrientationLandscapeLeft UIInterfaceOrientationLandscapeRight";
				IPHONEOS_DEPLOYMENT_TARGET = 16.0;
				LD_RUNPATH_SEARCH_PATHS = "@executable_path/Frameworks";
				"LD_RUNPATH_SEARCH_PATHS[sdk=macosx*]" = "@executable_path/../Frameworks";
				MACOSX_DEPLOYMENT_TARGET = 14.0;
				MARKETING_VERSION = 1.0;
				PRODUCT_BUNDLE_IDENTIFIER = com.nanoflick.bigllama;
				PRODUCT_NAME = "$(TARGET_NAME)";
				SDKROOT = auto;
				SUPPORTED_PLATFORMS = "iphoneos iphonesimulator";
				SUPPORTS_MACCATALYST = YES;
				SWIFT_EMIT_LOC_STRINGS = YES;
				SWIFT_VERSION = 5.0;
				TARGETED_DEVICE_FAMILY = "1,2,6";
			};
			name = Release;
		};
		04C9C6BD2A7A619E00A6B66B /* Debug */ = {
			isa = XCBuildConfiguration;
			buildSettings = {
				ALWAYS_SEARCH_USER_PATHS = NO;
				ASSETCATALOG_COMPILER_ALTERNATE_APPICON_NAMES = "AppIcon-smaller AppIcon-full";
				ASSETCATALOG_COMPILER_GENERATE_SWIFT_ASSET_SYMBOL_EXTENSIONS = YES;
				CLANG_ANALYZER_NONNULL = YES;
				CLANG_ANALYZER_NUMBER_OBJECT_CONVERSION = YES_AGGRESSIVE;
				CLANG_CXX_LANGUAGE_STANDARD = "gnu++20";
				CLANG_ENABLE_MODULES = YES;
				CLANG_ENABLE_OBJC_ARC = YES;
				CLANG_ENABLE_OBJC_WEAK = YES;
				CLANG_WARN_BLOCK_CAPTURE_AUTORELEASING = YES;
				CLANG_WARN_BOOL_CONVERSION = YES;
				CLANG_WARN_COMMA = YES;
				CLANG_WARN_CONSTANT_CONVERSION = YES;
				CLANG_WARN_DEPRECATED_OBJC_IMPLEMENTATIONS = YES;
				CLANG_WARN_DIRECT_OBJC_ISA_USAGE = YES_ERROR;
				CLANG_WARN_DOCUMENTATION_COMMENTS = YES;
				CLANG_WARN_EMPTY_BODY = YES;
				CLANG_WARN_ENUM_CONVERSION = YES;
				CLANG_WARN_INFINITE_RECURSION = YES;
				CLANG_WARN_INT_CONVERSION = YES;
				CLANG_WARN_NON_LITERAL_NULL_CONVERSION = YES;
				CLANG_WARN_OBJC_IMPLICIT_RETAIN_SELF = YES;
				CLANG_WARN_OBJC_LITERAL_CONVERSION = YES;
				CLANG_WARN_OBJC_ROOT_CLASS = YES_ERROR;
				CLANG_WARN_QUOTED_INCLUDE_IN_FRAMEWORK_HEADER = YES;
				CLANG_WARN_RANGE_LOOP_ANALYSIS = YES;
				CLANG_WARN_STRICT_PROTOTYPES = YES;
				CLANG_WARN_SUSPICIOUS_MOVE = YES;
				CLANG_WARN_UNGUARDED_AVAILABILITY = YES_AGGRESSIVE;
				CLANG_WARN_UNREACHABLE_CODE = YES;
				CLANG_WARN__DUPLICATE_METHOD_MATCH = YES;
				COPY_PHASE_STRIP = NO;
				DEBUG_INFORMATION_FORMAT = dwarf;
				ENABLE_STRICT_OBJC_MSGSEND = YES;
				ENABLE_TESTABILITY = YES;
				ENABLE_USER_SCRIPT_SANDBOXING = YES;
				GCC_C_LANGUAGE_STANDARD = gnu17;
				GCC_DYNAMIC_NO_PIC = NO;
				GCC_NO_COMMON_BLOCKS = YES;
				GCC_OPTIMIZATION_LEVEL = 0;
				GCC_PREPROCESSOR_DEFINITIONS = (
					"DEBUG=1",
					"$(inherited)",
				);
				GCC_WARN_64_TO_32_BIT_CONVERSION = YES;
				GCC_WARN_ABOUT_RETURN_TYPE = YES_ERROR;
				GCC_WARN_UNDECLARED_SELECTOR = YES;
				GCC_WARN_UNINITIALIZED_AUTOS = YES_AGGRESSIVE;
				GCC_WARN_UNUSED_FUNCTION = YES;
				GCC_WARN_UNUSED_VARIABLE = YES;
				LLVM_LTO = NO;
				LOCALIZATION_PREFERS_STRING_CATALOGS = YES;
				MTL_ENABLE_DEBUG_INFO = INCLUDE_SOURCE;
				MTL_FAST_MATH = YES;
				ONLY_ACTIVE_ARCH = YES;
				SWIFT_ACTIVE_COMPILATION_CONDITIONS = "DEBUG $(inherited)";
				SWIFT_OBJC_INTEROP_MODE = objcxx;
				SWIFT_OPTIMIZATION_LEVEL = "-Onone";
			};
			name = Debug;
		};
		04C9C6BE2A7A619E00A6B66B /* Release */ = {
			isa = XCBuildConfiguration;
			buildSettings = {
				ALWAYS_SEARCH_USER_PATHS = NO;
				ASSETCATALOG_COMPILER_ALTERNATE_APPICON_NAMES = "AppIcon-smaller AppIcon-full";
				ASSETCATALOG_COMPILER_GENERATE_SWIFT_ASSET_SYMBOL_EXTENSIONS = YES;
				CLANG_ANALYZER_NONNULL = YES;
				CLANG_ANALYZER_NUMBER_OBJECT_CONVERSION = YES_AGGRESSIVE;
				CLANG_CXX_LANGUAGE_STANDARD = "gnu++20";
				CLANG_ENABLE_MODULES = YES;
				CLANG_ENABLE_OBJC_ARC = YES;
				CLANG_ENABLE_OBJC_WEAK = YES;
				CLANG_WARN_BLOCK_CAPTURE_AUTORELEASING = YES;
				CLANG_WARN_BOOL_CONVERSION = YES;
				CLANG_WARN_COMMA = YES;
				CLANG_WARN_CONSTANT_CONVERSION = YES;
				CLANG_WARN_DEPRECATED_OBJC_IMPLEMENTATIONS = YES;
				CLANG_WARN_DIRECT_OBJC_ISA_USAGE = YES_ERROR;
				CLANG_WARN_DOCUMENTATION_COMMENTS = YES;
				CLANG_WARN_EMPTY_BODY = YES;
				CLANG_WARN_ENUM_CONVERSION = YES;
				CLANG_WARN_INFINITE_RECURSION = YES;
				CLANG_WARN_INT_CONVERSION = YES;
				CLANG_WARN_NON_LITERAL_NULL_CONVERSION = YES;
				CLANG_WARN_OBJC_IMPLICIT_RETAIN_SELF = YES;
				CLANG_WARN_OBJC_LITERAL_CONVERSION = YES;
				CLANG_WARN_OBJC_ROOT_CLASS = YES_ERROR;
				CLANG_WARN_QUOTED_INCLUDE_IN_FRAMEWORK_HEADER = YES;
				CLANG_WARN_RANGE_LOOP_ANALYSIS = YES;
				CLANG_WARN_STRICT_PROTOTYPES = YES;
				CLANG_WARN_SUSPICIOUS_MOVE = YES;
				CLANG_WARN_UNGUARDED_AVAILABILITY = YES_AGGRESSIVE;
				CLANG_WARN_UNREACHABLE_CODE = YES;
				CLANG_WARN__DUPLICATE_METHOD_MATCH = YES;
				COPY_PHASE_STRIP = NO;
				DEBUG_INFORMATION_FORMAT = "dwarf-with-dsym";
				ENABLE_NS_ASSERTIONS = NO;
				ENABLE_STRICT_OBJC_MSGSEND = YES;
				ENABLE_USER_SCRIPT_SANDBOXING = YES;
				GCC_C_LANGUAGE_STANDARD = gnu17;
				GCC_NO_COMMON_BLOCKS = YES;
				GCC_WARN_64_TO_32_BIT_CONVERSION = YES;
				GCC_WARN_ABOUT_RETURN_TYPE = YES_ERROR;
				GCC_WARN_UNDECLARED_SELECTOR = YES;
				GCC_WARN_UNINITIALIZED_AUTOS = YES_AGGRESSIVE;
				GCC_WARN_UNUSED_FUNCTION = YES;
				GCC_WARN_UNUSED_VARIABLE = YES;
				LLVM_LTO = YES_THIN;
				LOCALIZATION_PREFERS_STRING_CATALOGS = YES;
				MTL_ENABLE_DEBUG_INFO = NO;
				MTL_FAST_MATH = YES;
				SWIFT_COMPILATION_MODE = wholemodule;
				SWIFT_OBJC_INTEROP_MODE = objcxx;
			};
			name = Release;
		};
		04C9C6C02A7A619E00A6B66B /* Debug */ = {
			isa = XCBuildConfiguration;
			buildSettings = {
				ASSETCATALOG_COMPILER_APPICON_NAME = AppIcon;
				ASSETCATALOG_COMPILER_GLOBAL_ACCENT_COLOR_NAME = AccentColor;
				CLANG_ENABLE_MODULES = YES;
				CODE_SIGN_ENTITLEMENTS = illama/illama.entitlements;
				CODE_SIGN_STYLE = Automatic;
				CURRENT_PROJECT_VERSION = 1;
				DEVELOPMENT_ASSET_PATHS = "\"illama/Preview Content\"";
				DEVELOPMENT_TEAM = K8FHN3DJNA;
				ENABLE_HARDENED_RUNTIME = YES;
				ENABLE_PREVIEWS = YES;
				GENERATE_INFOPLIST_FILE = YES;
				INFOPLIST_FILE = illama/Info.plist;
				INFOPLIST_KEY_LSApplicationCategoryType = "public.app-category.productivity";
				"INFOPLIST_KEY_UIApplicationSceneManifest_Generation[sdk=iphoneos*]" = YES;
				"INFOPLIST_KEY_UIApplicationSceneManifest_Generation[sdk=iphonesimulator*]" = YES;
				"INFOPLIST_KEY_UIApplicationSupportsIndirectInputEvents[sdk=iphoneos*]" = YES;
				"INFOPLIST_KEY_UIApplicationSupportsIndirectInputEvents[sdk=iphonesimulator*]" = YES;
				"INFOPLIST_KEY_UILaunchScreen_Generation[sdk=iphoneos*]" = YES;
				"INFOPLIST_KEY_UILaunchScreen_Generation[sdk=iphonesimulator*]" = YES;
				"INFOPLIST_KEY_UIStatusBarStyle[sdk=iphoneos*]" = UIStatusBarStyleDefault;
				"INFOPLIST_KEY_UIStatusBarStyle[sdk=iphonesimulator*]" = UIStatusBarStyleDefault;
				INFOPLIST_KEY_UISupportedInterfaceOrientations_iPad = "UIInterfaceOrientationPortrait UIInterfaceOrientationPortraitUpsideDown UIInterfaceOrientationLandscapeLeft UIInterfaceOrientationLandscapeRight";
				INFOPLIST_KEY_UISupportedInterfaceOrientations_iPhone = "UIInterfaceOrientationPortrait UIInterfaceOrientationLandscapeLeft UIInterfaceOrientationLandscapeRight";
				IPHONEOS_DEPLOYMENT_TARGET = 16.0;
				LD_RUNPATH_SEARCH_PATHS = "@executable_path/Frameworks";
				"LD_RUNPATH_SEARCH_PATHS[sdk=macosx*]" = "@executable_path/../Frameworks";
				MACOSX_DEPLOYMENT_TARGET = 14.0;
				MARKETING_VERSION = 1.0;
				PRODUCT_BUNDLE_IDENTIFIER = com.nanoflick.illama;
				PRODUCT_NAME = "$(TARGET_NAME)";
				SDKROOT = auto;
				SUPPORTED_PLATFORMS = "iphoneos iphonesimulator";
				SUPPORTS_MACCATALYST = YES;
				SWIFT_EMIT_LOC_STRINGS = YES;
				SWIFT_OPTIMIZATION_LEVEL = "-Onone";
				SWIFT_VERSION = 5.0;
				TARGETED_DEVICE_FAMILY = "1,2,6";
			};
			name = Debug;
		};
		04C9C6C12A7A619E00A6B66B /* Release */ = {
			isa = XCBuildConfiguration;
			buildSettings = {
				ASSETCATALOG_COMPILER_APPICON_NAME = AppIcon;
				ASSETCATALOG_COMPILER_GLOBAL_ACCENT_COLOR_NAME = AccentColor;
				CLANG_ENABLE_MODULES = YES;
				CODE_SIGN_ENTITLEMENTS = illama/illama.entitlements;
				CODE_SIGN_STYLE = Automatic;
				CURRENT_PROJECT_VERSION = 1;
				DEVELOPMENT_ASSET_PATHS = "\"illama/Preview Content\"";
				DEVELOPMENT_TEAM = K8FHN3DJNA;
				ENABLE_HARDENED_RUNTIME = YES;
				ENABLE_PREVIEWS = YES;
				GENERATE_INFOPLIST_FILE = YES;
				INFOPLIST_FILE = illama/Info.plist;
				INFOPLIST_KEY_LSApplicationCategoryType = "public.app-category.productivity";
				"INFOPLIST_KEY_UIApplicationSceneManifest_Generation[sdk=iphoneos*]" = YES;
				"INFOPLIST_KEY_UIApplicationSceneManifest_Generation[sdk=iphonesimulator*]" = YES;
				"INFOPLIST_KEY_UIApplicationSupportsIndirectInputEvents[sdk=iphoneos*]" = YES;
				"INFOPLIST_KEY_UIApplicationSupportsIndirectInputEvents[sdk=iphonesimulator*]" = YES;
				"INFOPLIST_KEY_UILaunchScreen_Generation[sdk=iphoneos*]" = YES;
				"INFOPLIST_KEY_UILaunchScreen_Generation[sdk=iphonesimulator*]" = YES;
				"INFOPLIST_KEY_UIStatusBarStyle[sdk=iphoneos*]" = UIStatusBarStyleDefault;
				"INFOPLIST_KEY_UIStatusBarStyle[sdk=iphonesimulator*]" = UIStatusBarStyleDefault;
				INFOPLIST_KEY_UISupportedInterfaceOrientations_iPad = "UIInterfaceOrientationPortrait UIInterfaceOrientationPortraitUpsideDown UIInterfaceOrientationLandscapeLeft UIInterfaceOrientationLandscapeRight";
				INFOPLIST_KEY_UISupportedInterfaceOrientations_iPhone = "UIInterfaceOrientationPortrait UIInterfaceOrientationLandscapeLeft UIInterfaceOrientationLandscapeRight";
				IPHONEOS_DEPLOYMENT_TARGET = 16.0;
				LD_RUNPATH_SEARCH_PATHS = "@executable_path/Frameworks";
				"LD_RUNPATH_SEARCH_PATHS[sdk=macosx*]" = "@executable_path/../Frameworks";
				MACOSX_DEPLOYMENT_TARGET = 14.0;
				MARKETING_VERSION = 1.0;
				PRODUCT_BUNDLE_IDENTIFIER = com.nanoflick.illama;
				PRODUCT_NAME = "$(TARGET_NAME)";
				SDKROOT = auto;
				SUPPORTED_PLATFORMS = "iphoneos iphonesimulator";
				SUPPORTS_MACCATALYST = YES;
				SWIFT_EMIT_LOC_STRINGS = YES;
				SWIFT_VERSION = 5.0;
				TARGETED_DEVICE_FAMILY = "1,2,6";
			};
			name = Release;
		};
		04C9C6C32A7A619E00A6B66B /* Debug */ = {
			isa = XCBuildConfiguration;
			buildSettings = {
				ALWAYS_EMBED_SWIFT_STANDARD_LIBRARIES = YES;
				BUNDLE_LOADER = "$(TEST_HOST)";
				CODE_SIGN_STYLE = Automatic;
				CURRENT_PROJECT_VERSION = 1;
				DEVELOPMENT_TEAM = K8FHN3DJNA;
				GENERATE_INFOPLIST_FILE = YES;
				IPHONEOS_DEPLOYMENT_TARGET = 17.0;
				MACOSX_DEPLOYMENT_TARGET = 14.0;
				MARKETING_VERSION = 1.0;
				PRODUCT_BUNDLE_IDENTIFIER = com.nanoflick.illamaTests;
				PRODUCT_NAME = "$(TARGET_NAME)";
				SDKROOT = auto;
				SUPPORTED_PLATFORMS = "iphoneos iphonesimulator macosx";
				SWIFT_EMIT_LOC_STRINGS = NO;
				SWIFT_VERSION = 5.0;
				TARGETED_DEVICE_FAMILY = "1,2";
				TEST_HOST = "$(BUILT_PRODUCTS_DIR)/illama.app/$(BUNDLE_EXECUTABLE_FOLDER_PATH)/illama";
			};
			name = Debug;
		};
		04C9C6C42A7A619E00A6B66B /* Release */ = {
			isa = XCBuildConfiguration;
			buildSettings = {
				ALWAYS_EMBED_SWIFT_STANDARD_LIBRARIES = YES;
				BUNDLE_LOADER = "$(TEST_HOST)";
				CODE_SIGN_STYLE = Automatic;
				CURRENT_PROJECT_VERSION = 1;
				DEVELOPMENT_TEAM = K8FHN3DJNA;
				GENERATE_INFOPLIST_FILE = YES;
				IPHONEOS_DEPLOYMENT_TARGET = 17.0;
				MACOSX_DEPLOYMENT_TARGET = 14.0;
				MARKETING_VERSION = 1.0;
				PRODUCT_BUNDLE_IDENTIFIER = com.nanoflick.illamaTests;
				PRODUCT_NAME = "$(TARGET_NAME)";
				SDKROOT = auto;
				SUPPORTED_PLATFORMS = "iphoneos iphonesimulator macosx";
				SWIFT_EMIT_LOC_STRINGS = NO;
				SWIFT_VERSION = 5.0;
				TARGETED_DEVICE_FAMILY = "1,2";
				TEST_HOST = "$(BUILT_PRODUCTS_DIR)/illama.app/$(BUNDLE_EXECUTABLE_FOLDER_PATH)/illama";
			};
			name = Release;
		};
		04C9C6C62A7A619E00A6B66B /* Debug */ = {
			isa = XCBuildConfiguration;
			buildSettings = {
				ALWAYS_EMBED_SWIFT_STANDARD_LIBRARIES = YES;
				CODE_SIGN_STYLE = Automatic;
				CURRENT_PROJECT_VERSION = 1;
				DEVELOPMENT_TEAM = K8FHN3DJNA;
				GENERATE_INFOPLIST_FILE = YES;
				IPHONEOS_DEPLOYMENT_TARGET = 17.0;
				MACOSX_DEPLOYMENT_TARGET = 14.0;
				MARKETING_VERSION = 1.0;
				PRODUCT_BUNDLE_IDENTIFIER = com.nanoflick.illamaUITests;
				PRODUCT_NAME = "$(TARGET_NAME)";
				SDKROOT = auto;
				SUPPORTED_PLATFORMS = "iphoneos iphonesimulator macosx";
				SWIFT_EMIT_LOC_STRINGS = NO;
				SWIFT_VERSION = 5.0;
				TARGETED_DEVICE_FAMILY = "1,2";
				TEST_TARGET_NAME = illama;
			};
			name = Debug;
		};
		04C9C6C72A7A619E00A6B66B /* Release */ = {
			isa = XCBuildConfiguration;
			buildSettings = {
				ALWAYS_EMBED_SWIFT_STANDARD_LIBRARIES = YES;
				CODE_SIGN_STYLE = Automatic;
				CURRENT_PROJECT_VERSION = 1;
				DEVELOPMENT_TEAM = K8FHN3DJNA;
				GENERATE_INFOPLIST_FILE = YES;
				IPHONEOS_DEPLOYMENT_TARGET = 17.0;
				MACOSX_DEPLOYMENT_TARGET = 14.0;
				MARKETING_VERSION = 1.0;
				PRODUCT_BUNDLE_IDENTIFIER = com.nanoflick.illamaUITests;
				PRODUCT_NAME = "$(TARGET_NAME)";
				SDKROOT = auto;
				SUPPORTED_PLATFORMS = "iphoneos iphonesimulator macosx";
				SWIFT_EMIT_LOC_STRINGS = NO;
				SWIFT_VERSION = 5.0;
				TARGETED_DEVICE_FAMILY = "1,2";
				TEST_TARGET_NAME = illama;
			};
			name = Release;
		};
/* End XCBuildConfiguration section */

/* Begin XCConfigurationList section */
		04B3D8C32AA9692E00376560 /* Build configuration list for PBXNativeTarget "big llama" */ = {
			isa = XCConfigurationList;
			buildConfigurations = (
				04B3D8C42AA9692E00376560 /* Debug */,
				04B3D8C52AA9692E00376560 /* Release */,
			);
			defaultConfigurationIsVisible = 0;
			defaultConfigurationName = Release;
		};
		04C9C6922A7A619B00A6B66B /* Build configuration list for PBXProject "illama" */ = {
			isa = XCConfigurationList;
			buildConfigurations = (
				04C9C6BD2A7A619E00A6B66B /* Debug */,
				04C9C6BE2A7A619E00A6B66B /* Release */,
			);
			defaultConfigurationIsVisible = 0;
			defaultConfigurationName = Release;
		};
		04C9C6BF2A7A619E00A6B66B /* Build configuration list for PBXNativeTarget "illama" */ = {
			isa = XCConfigurationList;
			buildConfigurations = (
				04C9C6C02A7A619E00A6B66B /* Debug */,
				04C9C6C12A7A619E00A6B66B /* Release */,
			);
			defaultConfigurationIsVisible = 0;
			defaultConfigurationName = Release;
		};
		04C9C6C22A7A619E00A6B66B /* Build configuration list for PBXNativeTarget "illamaTests" */ = {
			isa = XCConfigurationList;
			buildConfigurations = (
				04C9C6C32A7A619E00A6B66B /* Debug */,
				04C9C6C42A7A619E00A6B66B /* Release */,
			);
			defaultConfigurationIsVisible = 0;
			defaultConfigurationName = Release;
		};
		04C9C6C52A7A619E00A6B66B /* Build configuration list for PBXNativeTarget "illamaUITests" */ = {
			isa = XCConfigurationList;
			buildConfigurations = (
				04C9C6C62A7A619E00A6B66B /* Debug */,
				04C9C6C72A7A619E00A6B66B /* Release */,
			);
			defaultConfigurationIsVisible = 0;
			defaultConfigurationName = Release;
		};
/* End XCConfigurationList section */

/* Begin XCRemoteSwiftPackageReference section */
		041ECE0C2A8932240001A821 /* XCRemoteSwiftPackageReference "swift-async-queue" */ = {
			isa = XCRemoteSwiftPackageReference;
			repositoryURL = "https://github.com/dfed/swift-async-queue";
			requirement = {
				kind = upToNextMajorVersion;
				minimumVersion = 0.4.0;
			};
		};
		041ECE112A8943F20001A821 /* XCRemoteSwiftPackageReference "SwiftyChat" */ = {
			isa = XCRemoteSwiftPackageReference;
			repositoryURL = "https://github.com/EnesKaraosman/SwiftyChat";
			requirement = {
				kind = upToNextMajorVersion;
				minimumVersion = 2.4.0;
			};
		};
		041ECE142A8A3E5C0001A821 /* XCRemoteSwiftPackageReference "swift-algorithms" */ = {
			isa = XCRemoteSwiftPackageReference;
			repositoryURL = "https://github.com/apple/swift-algorithms.git";
			requirement = {
				kind = upToNextMajorVersion;
				minimumVersion = 1.0.0;
			};
		};
		0435AAD52AAD54B400BCCC2C /* XCRemoteSwiftPackageReference "DeviceKit" */ = {
			isa = XCRemoteSwiftPackageReference;
			repositoryURL = "https://github.com/devicekit/DeviceKit";
			requirement = {
				kind = upToNextMajorVersion;
				minimumVersion = 5.0.0;
			};
		};
		0486015F2A8F46B600292E9F /* XCRemoteSwiftPackageReference "lumos" */ = {
			isa = XCRemoteSwiftPackageReference;
			repositoryURL = "https://github.com/JackYoustra/lumos";
			requirement = {
				branch = master;
				kind = branch;
			};
		};
		048601622A8F495800292E9F /* XCRemoteSwiftPackageReference "swift-custom-dump" */ = {
			isa = XCRemoteSwiftPackageReference;
			repositoryURL = "https://github.com/pointfreeco/swift-custom-dump.git";
			requirement = {
				kind = upToNextMajorVersion;
				minimumVersion = 1.0.0;
			};
		};
		048601652A910F2800292E9F /* XCRemoteSwiftPackageReference "LoremSwiftum" */ = {
			isa = XCRemoteSwiftPackageReference;
			repositoryURL = "https://github.com/lukaskubanek/LoremSwiftum.git";
			requirement = {
				branch = master;
				kind = branch;
			};
		};
		048601682A910F3800292E9F /* XCRemoteSwiftPackageReference "swift-dependencies" */ = {
			isa = XCRemoteSwiftPackageReference;
			repositoryURL = "https://github.com/pointfreeco/swift-dependencies.git";
			requirement = {
				kind = upToNextMajorVersion;
				minimumVersion = 1.0.0;
			};
		};
		048E4D402A911327007B6443 /* XCRemoteSwiftPackageReference "swift-async-algorithms" */ = {
			isa = XCRemoteSwiftPackageReference;
			repositoryURL = "https://github.com/apple/swift-async-algorithms.git";
			requirement = {
				kind = upToNextMajorVersion;
				minimumVersion = 0.1.0;
			};
		};
		048E4D432A9114AF007B6443 /* XCRemoteSwiftPackageReference "CombineExt" */ = {
			isa = XCRemoteSwiftPackageReference;
			repositoryURL = "https://github.com/CombineCommunity/CombineExt";
			requirement = {
				kind = upToNextMajorVersion;
				minimumVersion = 1.8.1;
			};
		};
		04B183E42AADB5B100F264CD /* XCRemoteSwiftPackageReference "UIOnboarding" */ = {
			isa = XCRemoteSwiftPackageReference;
			repositoryURL = "https://github.com/FelixLisczyk/UIOnboarding/";
			requirement = {
				branch = "ios-17-trait-collection";
				kind = branch;
			};
		};
		04B3D8822AA9692E00376560 /* XCRemoteSwiftPackageReference "llama" */ = {
			isa = XCRemoteSwiftPackageReference;
			repositoryURL = "https://github.com/JackYoustra/llama.cpp";
			requirement = {
				kind = revision;
				revision = 75f7e656475d8019756e9ccff7242e89e134f4ef;
			};
		};
		04B3D8842AA9692E00376560 /* XCRemoteSwiftPackageReference "swift-async-queue" */ = {
			isa = XCRemoteSwiftPackageReference;
			repositoryURL = "https://github.com/dfed/swift-async-queue";
			requirement = {
				kind = upToNextMajorVersion;
				minimumVersion = 0.4.0;
			};
		};
		04B3D8862AA9692E00376560 /* XCRemoteSwiftPackageReference "SwiftyChat" */ = {
			isa = XCRemoteSwiftPackageReference;
			repositoryURL = "https://github.com/EnesKaraosman/SwiftyChat";
			requirement = {
				kind = upToNextMajorVersion;
				minimumVersion = 2.4.0;
			};
		};
		04B3D8882AA9692E00376560 /* XCRemoteSwiftPackageReference "swift-algorithms" */ = {
			isa = XCRemoteSwiftPackageReference;
			repositoryURL = "https://github.com/apple/swift-algorithms.git";
			requirement = {
				kind = upToNextMajorVersion;
				minimumVersion = 1.0.0;
			};
		};
		04B3D88A2AA9692E00376560 /* XCRemoteSwiftPackageReference "lumos" */ = {
			isa = XCRemoteSwiftPackageReference;
			repositoryURL = "https://github.com/JackYoustra/lumos";
			requirement = {
				branch = master;
				kind = branch;
			};
		};
		04B3D88C2AA9692E00376560 /* XCRemoteSwiftPackageReference "swift-custom-dump" */ = {
			isa = XCRemoteSwiftPackageReference;
			repositoryURL = "https://github.com/pointfreeco/swift-custom-dump.git";
			requirement = {
				kind = upToNextMajorVersion;
				minimumVersion = 1.0.0;
			};
		};
		04B3D88E2AA9692E00376560 /* XCRemoteSwiftPackageReference "LoremSwiftum" */ = {
			isa = XCRemoteSwiftPackageReference;
			repositoryURL = "https://github.com/lukaskubanek/LoremSwiftum.git";
			requirement = {
				branch = master;
				kind = branch;
			};
		};
		04B3D8902AA9692E00376560 /* XCRemoteSwiftPackageReference "swift-dependencies" */ = {
			isa = XCRemoteSwiftPackageReference;
			repositoryURL = "https://github.com/pointfreeco/swift-dependencies.git";
			requirement = {
				kind = upToNextMajorVersion;
				minimumVersion = 1.0.0;
			};
		};
		04B3D8922AA9692E00376560 /* XCRemoteSwiftPackageReference "swift-async-algorithms" */ = {
			isa = XCRemoteSwiftPackageReference;
			repositoryURL = "https://github.com/apple/swift-async-algorithms.git";
			requirement = {
				kind = upToNextMajorVersion;
				minimumVersion = 0.1.0;
			};
		};
		04B3D8942AA9692E00376560 /* XCRemoteSwiftPackageReference "CombineExt" */ = {
			isa = XCRemoteSwiftPackageReference;
			repositoryURL = "https://github.com/CombineCommunity/CombineExt";
			requirement = {
				kind = upToNextMajorVersion;
				minimumVersion = 1.8.1;
			};
		};
		04B3D8962AA9692E00376560 /* XCRemoteSwiftPackageReference "chat" */ = {
			isa = XCRemoteSwiftPackageReference;
			repositoryURL = "https://github.com/jackyoustra/chat";
			requirement = {
				kind = revision;
				revision = 793a26659d422878735410c81388504a330b576a;
			};
		};
		04B3D8982AA9692E00376560 /* XCRemoteSwiftPackageReference "swift-markdown-ui" */ = {
			isa = XCRemoteSwiftPackageReference;
			repositoryURL = "https://github.com/gonzalezreal/swift-markdown-ui";
			requirement = {
				kind = upToNextMajorVersion;
				minimumVersion = 2.1.0;
			};
		};
		04B3D89A2AA9692E00376560 /* XCRemoteSwiftPackageReference "SwiftUI-Introspect" */ = {
			isa = XCRemoteSwiftPackageReference;
			repositoryURL = "https://github.com/siteline/SwiftUI-Introspect";
			requirement = {
				kind = upToNextMajorVersion;
				minimumVersion = 0.11.1;
			};
		};
		04C1837D2A99550300B220BB /* XCRemoteSwiftPackageReference "swift-markdown-ui" */ = {
			isa = XCRemoteSwiftPackageReference;
			repositoryURL = "https://github.com/gonzalezreal/swift-markdown-ui";
			requirement = {
				kind = upToNextMajorVersion;
				minimumVersion = 2.1.0;
			};
		};
		04C183822A99AD5E00B220BB /* XCRemoteSwiftPackageReference "SwiftUI-Introspect" */ = {
			isa = XCRemoteSwiftPackageReference;
			repositoryURL = "https://github.com/siteline/SwiftUI-Introspect";
			requirement = {
				kind = upToNextMajorVersion;
				minimumVersion = 0.11.1;
			};
		};
		04C9C6D32A7A656700A6B66B /* XCRemoteSwiftPackageReference "llama" */ = {
			isa = XCRemoteSwiftPackageReference;
			repositoryURL = "https://github.com/JackYoustra/llama.cpp";
			requirement = {
				kind = revision;
				revision = 6a192db0c907ece2b96d76fc952608f27924071a;
			};
		};
		04D7D14F2A96E27A001B35FC /* XCRemoteSwiftPackageReference "chat" */ = {
			isa = XCRemoteSwiftPackageReference;
			repositoryURL = "https://github.com/jackyoustra/chat";
			requirement = {
				kind = revision;
				revision = 793a26659d422878735410c81388504a330b576a;
			};
		};
/* End XCRemoteSwiftPackageReference section */

/* Begin XCSwiftPackageProductDependency section */
		041ECE0D2A8932240001A821 /* AsyncQueue */ = {
			isa = XCSwiftPackageProductDependency;
			package = 041ECE0C2A8932240001A821 /* XCRemoteSwiftPackageReference "swift-async-queue" */;
			productName = AsyncQueue;
		};
		041ECE122A8943F20001A821 /* SwiftyChat */ = {
			isa = XCSwiftPackageProductDependency;
			package = 041ECE112A8943F20001A821 /* XCRemoteSwiftPackageReference "SwiftyChat" */;
			productName = SwiftyChat;
		};
		041ECE152A8A3E5C0001A821 /* Algorithms */ = {
			isa = XCSwiftPackageProductDependency;
			package = 041ECE142A8A3E5C0001A821 /* XCRemoteSwiftPackageReference "swift-algorithms" */;
			productName = Algorithms;
		};
		0435AAD62AAD54B400BCCC2C /* DeviceKit */ = {
			isa = XCSwiftPackageProductDependency;
			package = 0435AAD52AAD54B400BCCC2C /* XCRemoteSwiftPackageReference "DeviceKit" */;
			productName = DeviceKit;
		};
		0435AAD92AAD54C800BCCC2C /* DeviceKit */ = {
			isa = XCSwiftPackageProductDependency;
			package = 0435AAD52AAD54B400BCCC2C /* XCRemoteSwiftPackageReference "DeviceKit" */;
			productName = DeviceKit;
		};
		047D19A72AAEB34F001349DF /* llama */ = {
			isa = XCSwiftPackageProductDependency;
			package = 04C9C6D32A7A656700A6B66B /* XCRemoteSwiftPackageReference "llama" */;
			productName = llama;
		};
		047D19A92AAEB355001349DF /* llama */ = {
			isa = XCSwiftPackageProductDependency;
			package = 04C9C6D32A7A656700A6B66B /* XCRemoteSwiftPackageReference "llama" */;
			productName = llama;
		};
		048601602A8F46B600292E9F /* Lumos */ = {
			isa = XCSwiftPackageProductDependency;
			package = 0486015F2A8F46B600292E9F /* XCRemoteSwiftPackageReference "lumos" */;
			productName = Lumos;
		};
		048601632A8F495800292E9F /* CustomDump */ = {
			isa = XCSwiftPackageProductDependency;
			package = 048601622A8F495800292E9F /* XCRemoteSwiftPackageReference "swift-custom-dump" */;
			productName = CustomDump;
		};
		048601662A910F2800292E9F /* LoremSwiftum */ = {
			isa = XCSwiftPackageProductDependency;
			package = 048601652A910F2800292E9F /* XCRemoteSwiftPackageReference "LoremSwiftum" */;
			productName = LoremSwiftum;
		};
		048601692A910F3800292E9F /* Dependencies */ = {
			isa = XCSwiftPackageProductDependency;
			package = 048601682A910F3800292E9F /* XCRemoteSwiftPackageReference "swift-dependencies" */;
			productName = Dependencies;
		};
		048E4D412A911327007B6443 /* AsyncAlgorithms */ = {
			isa = XCSwiftPackageProductDependency;
			package = 048E4D402A911327007B6443 /* XCRemoteSwiftPackageReference "swift-async-algorithms" */;
			productName = AsyncAlgorithms;
		};
		048E4D442A9114AF007B6443 /* CombineExt */ = {
			isa = XCSwiftPackageProductDependency;
			package = 048E4D432A9114AF007B6443 /* XCRemoteSwiftPackageReference "CombineExt" */;
			productName = CombineExt;
		};
		04B183E52AADB5B100F264CD /* UIOnboarding */ = {
			isa = XCSwiftPackageProductDependency;
			package = 04B183E42AADB5B100F264CD /* XCRemoteSwiftPackageReference "UIOnboarding" */;
			productName = UIOnboarding;
		};
		04B183E72AADB5C000F264CD /* UIOnboarding */ = {
			isa = XCSwiftPackageProductDependency;
			package = 04B183E42AADB5B100F264CD /* XCRemoteSwiftPackageReference "UIOnboarding" */;
			productName = UIOnboarding;
		};
		04B3D87F2AA9692E00376560 /* llama */ = {
			isa = XCSwiftPackageProductDependency;
			productName = llama;
		};
		04B3D8802AA9692E00376560 /* llama */ = {
			isa = XCSwiftPackageProductDependency;
			productName = llama;
		};
		04B3D8812AA9692E00376560 /* llama */ = {
			isa = XCSwiftPackageProductDependency;
			package = 04B3D8822AA9692E00376560 /* XCRemoteSwiftPackageReference "llama" */;
			productName = llama;
		};
		04B3D8832AA9692E00376560 /* AsyncQueue */ = {
			isa = XCSwiftPackageProductDependency;
			package = 04B3D8842AA9692E00376560 /* XCRemoteSwiftPackageReference "swift-async-queue" */;
			productName = AsyncQueue;
		};
		04B3D8852AA9692E00376560 /* SwiftyChat */ = {
			isa = XCSwiftPackageProductDependency;
			package = 04B3D8862AA9692E00376560 /* XCRemoteSwiftPackageReference "SwiftyChat" */;
			productName = SwiftyChat;
		};
		04B3D8872AA9692E00376560 /* Algorithms */ = {
			isa = XCSwiftPackageProductDependency;
			package = 04B3D8882AA9692E00376560 /* XCRemoteSwiftPackageReference "swift-algorithms" */;
			productName = Algorithms;
		};
		04B3D8892AA9692E00376560 /* Lumos */ = {
			isa = XCSwiftPackageProductDependency;
			package = 04B3D88A2AA9692E00376560 /* XCRemoteSwiftPackageReference "lumos" */;
			productName = Lumos;
		};
		04B3D88B2AA9692E00376560 /* CustomDump */ = {
			isa = XCSwiftPackageProductDependency;
			package = 04B3D88C2AA9692E00376560 /* XCRemoteSwiftPackageReference "swift-custom-dump" */;
			productName = CustomDump;
		};
		04B3D88D2AA9692E00376560 /* LoremSwiftum */ = {
			isa = XCSwiftPackageProductDependency;
			package = 04B3D88E2AA9692E00376560 /* XCRemoteSwiftPackageReference "LoremSwiftum" */;
			productName = LoremSwiftum;
		};
		04B3D88F2AA9692E00376560 /* Dependencies */ = {
			isa = XCSwiftPackageProductDependency;
			package = 04B3D8902AA9692E00376560 /* XCRemoteSwiftPackageReference "swift-dependencies" */;
			productName = Dependencies;
		};
		04B3D8912AA9692E00376560 /* AsyncAlgorithms */ = {
			isa = XCSwiftPackageProductDependency;
			package = 04B3D8922AA9692E00376560 /* XCRemoteSwiftPackageReference "swift-async-algorithms" */;
			productName = AsyncAlgorithms;
		};
		04B3D8932AA9692E00376560 /* CombineExt */ = {
			isa = XCSwiftPackageProductDependency;
			package = 04B3D8942AA9692E00376560 /* XCRemoteSwiftPackageReference "CombineExt" */;
			productName = CombineExt;
		};
		04B3D8952AA9692E00376560 /* ExyteChat */ = {
			isa = XCSwiftPackageProductDependency;
			package = 04B3D8962AA9692E00376560 /* XCRemoteSwiftPackageReference "chat" */;
			productName = ExyteChat;
		};
		04B3D8972AA9692E00376560 /* MarkdownUI */ = {
			isa = XCSwiftPackageProductDependency;
			package = 04B3D8982AA9692E00376560 /* XCRemoteSwiftPackageReference "swift-markdown-ui" */;
			productName = MarkdownUI;
		};
		04B3D8992AA9692E00376560 /* SwiftUIIntrospect */ = {
			isa = XCSwiftPackageProductDependency;
			package = 04B3D89A2AA9692E00376560 /* XCRemoteSwiftPackageReference "SwiftUI-Introspect" */;
			productName = SwiftUIIntrospect;
		};
		04C1837E2A99550300B220BB /* MarkdownUI */ = {
			isa = XCSwiftPackageProductDependency;
			package = 04C1837D2A99550300B220BB /* XCRemoteSwiftPackageReference "swift-markdown-ui" */;
			productName = MarkdownUI;
		};
		04C183832A99AD5E00B220BB /* SwiftUIIntrospect */ = {
			isa = XCSwiftPackageProductDependency;
			package = 04C183822A99AD5E00B220BB /* XCRemoteSwiftPackageReference "SwiftUI-Introspect" */;
			productName = SwiftUIIntrospect;
		};
		04C9C6CE2A7A640B00A6B66B /* llama */ = {
			isa = XCSwiftPackageProductDependency;
			productName = llama;
		};
		04C9C6D12A7A64B300A6B66B /* llama */ = {
			isa = XCSwiftPackageProductDependency;
			productName = llama;
		};
		04C9C6D42A7A656700A6B66B /* llama */ = {
			isa = XCSwiftPackageProductDependency;
			package = 04C9C6D32A7A656700A6B66B /* XCRemoteSwiftPackageReference "llama" */;
			productName = llama;
		};
		04D7D1502A96E27A001B35FC /* ExyteChat */ = {
			isa = XCSwiftPackageProductDependency;
			package = 04D7D14F2A96E27A001B35FC /* XCRemoteSwiftPackageReference "chat" */;
			productName = ExyteChat;
		};
/* End XCSwiftPackageProductDependency section */
	};
	rootObject = 04C9C68F2A7A619B00A6B66B /* Project object */;
}
